{
  "version": 4,
  "terraform_version": "0.12.24",
  "serial": 196,
  "lineage": "432eca7e-3415-043b-be6e-c062e9d32ae2",
  "outputs": {},
  "resources": [
    {
      "mode": "data",
      "type": "google_client_config",
      "name": "default",
      "provider": "provider.google",
      "instances": [
        {
          "schema_version": 0,
          "attributes": {
            "access_token": "ya29.a0Ae4lvC1ixKTJwr-YgPWrnM4ReEV0rPuJ4Z2Znu70LYKow4ddM4TjuZA20aGjIHGK7QuqUEILkbZlQ7kexlKtmcx_EbCHKGXTWsxsJmNghm2SN6HZeMDz6gLtq97jE34soNm3Oa35I_jDa2cVKIsqJKB2auB_kMGbLfnwjEFlhpfPyt_pw2CYTwGUJjPNUU1ybD6rFECwNeD_FRXlUg_jBGXDi7Xr1jes0R_xWnZcr0d_mb70WBfxE-wbw0O93eSnEkzMRkqYxTVZSg",
            "id": "2020-04-22 18:51:19.009349828 +0000 UTC",
            "project": "springml-project-2020",
            "region": "",
            "zone": ""
          }
        }
      ]
    },
    {
      "mode": "managed",
      "type": "google_compute_disk",
      "name": "artifact_store",
      "provider": "provider.google",
      "instances": [
        {
          "schema_version": 0,
          "attributes": {
            "creation_timestamp": "2020-04-22T11:11:28.354-07:00",
            "description": "",
            "disk_encryption_key": [],
            "disk_encryption_key_raw": null,
            "disk_encryption_key_sha256": null,
            "id": "kfvar-artifact-store",
            "image": "",
            "label_fingerprint": "qKHOahS35oI=",
            "labels": {
              "application": "kubeflow",
              "cloudsql-instance-suffix": "36533231",
              "env": "dev",
              "goog-gke-volume": ""
            },
            "last_attach_timestamp": "",
            "last_detach_timestamp": "",
            "name": "kfvar-artifact-store",
            "physical_block_size_bytes": 4096,
            "project": "springml-project-2020",
            "self_link": "https://www.googleapis.com/compute/v1/projects/springml-project-2020/zones/us-west1-a/disks/kfvar-artifact-store",
            "size": 200,
            "snapshot": "",
            "source_image_encryption_key": [],
            "source_image_id": "",
            "source_snapshot_encryption_key": [],
            "source_snapshot_id": "",
            "timeouts": null,
            "type": "pd-standard",
            "users": [],
            "zone": "us-west1-a"
          },
          "private": "eyJlMmJmYjczMC1lY2FhLTExZTYtOGY4OC0zNDM2M2JjN2M0YzAiOnsiY3JlYXRlIjozMDAwMDAwMDAwMDAsImRlbGV0ZSI6MjQwMDAwMDAwMDAwLCJ1cGRhdGUiOjI0MDAwMDAwMDAwMH19",
          "dependencies": [
            "random_id.db_name_suffix"
          ]
        }
      ]
    },
    {
      "mode": "managed",
      "type": "google_compute_resource_policy",
      "name": "artifact_store-snapshot-schedule",
      "provider": "provider.google-beta",
      "instances": [
        {
          "schema_version": 0,
          "attributes": {
            "id": "kfvar-artifact-store-snapshot-schedule",
            "name": "kfvar-artifact-store-snapshot-schedule",
            "project": "springml-project-2020",
            "region": "https://www.googleapis.com/compute/v1/projects/springml-project-2020/regions/us-west1",
            "self_link": "https://www.googleapis.com/compute/v1/projects/springml-project-2020/regions/us-west1/resourcePolicies/kfvar-artifact-store-snapshot-schedule",
            "snapshot_schedule_policy": [
              {
                "retention_policy": [
                  {
                    "max_retention_days": 7,
                    "on_source_disk_delete": "APPLY_RETENTION_POLICY"
                  }
                ],
                "schedule": [
                  {
                    "daily_schedule": [
                      {
                        "days_in_cycle": 1,
                        "start_time": "04:00"
                      }
                    ],
                    "hourly_schedule": [],
                    "weekly_schedule": []
                  }
                ],
                "snapshot_properties": [
                  {
                    "guest_flush": false,
                    "labels": {
                      "application": "kubeflow",
                      "cloudsql-instance-suffix": "36533231",
                      "env": "dev"
                    },
                    "storage_locations": []
                  }
                ]
              }
            ],
            "timeouts": null
          },
          "private": "eyJlMmJmYjczMC1lY2FhLTExZTYtOGY4OC0zNDM2M2JjN2M0YzAiOnsiY3JlYXRlIjoyNDAwMDAwMDAwMDAsImRlbGV0ZSI6MjQwMDAwMDAwMDAwfX0=",
          "dependencies": [
            "google_compute_disk.artifact_store",
            "random_id.db_name_suffix"
          ]
        }
      ]
    },
    {
      "mode": "managed",
      "type": "google_container_cluster",
      "name": "kubeflow_cluster",
      "provider": "provider.google-beta",
      "instances": [
        {
          "schema_version": 1,
          "attributes": {
            "additional_zones": [],
            "addons_config": [
              {
                "cloudrun_config": [],
                "horizontal_pod_autoscaling": [
                  {
                    "disabled": false
                  }
                ],
                "http_load_balancing": [
                  {
                    "disabled": false
                  }
                ],
                "istio_config": [],
                "kubernetes_dashboard": [
                  {
                    "disabled": true
                  }
                ],
                "network_policy_config": [
                  {
                    "disabled": false
                  }
                ]
              }
            ],
            "authenticator_groups_config": [],
            "cluster_autoscaling": [
              {
                "enabled": false,
                "resource_limits": []
              }
            ],
            "cluster_ipv4_cidr": "10.89.0.0/16",
            "database_encryption": [
              {
                "key_name": "",
                "state": "DECRYPTED"
              }
            ],
            "default_max_pods_per_node": 110,
            "description": "",
            "enable_binary_authorization": false,
            "enable_intranode_visibility": false,
            "enable_kubernetes_alpha": false,
            "enable_legacy_abac": false,
            "enable_shielded_nodes": false,
            "enable_tpu": false,
            "endpoint": "35.197.74.246",
            "id": "kfvar",
            "initial_node_count": 1,
            "instance_group_urls": [
              "https://www.googleapis.com/compute/beta/projects/springml-project-2020/zones/us-west1-a/instanceGroups/gke-kfvar-default-pool-46949d5d-grp"
            ],
            "ip_allocation_policy": [
              {
                "cluster_ipv4_cidr_block": "10.89.0.0/16",
                "cluster_secondary_range_name": "gke-kfvar-pods-aa8b3804",
                "create_subnetwork": false,
                "node_ipv4_cidr_block": "10.120.0.0/16",
                "services_ipv4_cidr_block": "10.90.0.0/16",
                "services_secondary_range_name": "gke-kfvar-services-aa8b3804",
                "subnetwork_name": "",
                "use_ip_aliases": true
              }
            ],
            "location": "us-west1-a",
            "logging_service": "logging.googleapis.com/kubernetes",
            "maintenance_policy": [],
            "master_auth": [
              {
                "client_certificate": "",
                "client_certificate_config": [
                  {
                    "issue_client_certificate": false
                  }
                ],
                "client_key": "",
                "cluster_ca_certificate": "LS0tLS1CRUdJTiBDRVJUSUZJQ0FURS0tLS0tCk1JSURDekNDQWZPZ0F3SUJBZ0lRZU84SForeENWY0l4c1UzWGQ3aThZREFOQmdrcWhraUc5dzBCQVFzRkFEQXYKTVMwd0t3WURWUVFERXlSaE16RXdaREEyWWkwek16QmhMVFEyTldNdFltTTRPUzFqTVdFMVl6QmlZekk0WVdJdwpIaGNOTWpBd05ESXlNVGMxTkRJM1doY05NalV3TkRJeE1UZzFOREkzV2pBdk1TMHdLd1lEVlFRREV5UmhNekV3ClpEQTJZaTB6TXpCaExUUTJOV010WW1NNE9TMWpNV0UxWXpCaVl6STRZV0l3Z2dFaU1BMEdDU3FHU0liM0RRRUIKQVFVQUE0SUJEd0F3Z2dFS0FvSUJBUURHRVV2UEY5MERyaERrNWVvcVJsZ01nbDFOTzYyZHZ6ajhGdy9rZHNraQp4L05aUFY4NmRyNE5wWGpoSGxUTHFlVlRVZTl6OUlCUnVINXdGMzQrV0d6NE1vUDMwVWtSMFlZYUR5NS84M1BPCksyb05JU1lwdkxsa1RNY2djWEswT0RVcEwzK1Ayc3NIenFXT2dtVGYyelZwRXkwazNoMURha1JPQzZmdGF5QWsKaHdPSThLZjZ0RVc0N01BV0l6QUVKNVVDUkRrZmltU1YrQlZpRGRaNzVJbVY2SVJKaWptNXVzQ3BVUE52NnBTdQpTRkdIZlVyeS92SEh0VWtGM01nbkh4UVlZRWlxc0tKTkFlN3JGWXlGU0tNamIxMXRsU1lvSFRLbUt3NHEzRExKClVZVnIwamwzRVNQSmVtcmNIRTRIVGxjTUFPSEhqdFh1TGx5MzNyVWsvRE5aQWdNQkFBR2pJekFoTUE0R0ExVWQKRHdFQi93UUVBd0lDQkRBUEJnTlZIUk1CQWY4RUJUQURBUUgvTUEwR0NTcUdTSWIzRFFFQkN3VUFBNElCQVFBSwpkSE9iSVF2aEhnbFJTSkowak5HV0xBc1RFUUh3NWRCVEhsbEhkeDI5d0w3WU9sTlRwVXd5S2xpNG9zYzlIK05YCi9DNHdHWVUzTnFxQjZtc2tqRzl5NEc4NmNDMnhZY1ViNkxnNnJmNTliS1dzVmVqaHpEN0dKbUZnRGpFSVcwSmEKMDFZTTdzZ1B3UmZzWXhWTGxwZTRBWFF5SFd6a08rWHRvRE1WSksremI2YmllSjM3dERROGRGZTVTRHVYdWNTTQplaHZOaHFtOFhSS0tucWwwYnJYUkpxRms1d0ZEejlTVjFyOU5tejMvcWdUbWpidWttZGZ3enAraE4vVFVySUZ5Ck1tdzBSUUtudUZMN0hIem9NWUV2VnJWTFptV3U2WkdrZzIzT2FLZ3VMZHNwYWIvRjI2UFpMNUxkRDBDdXlMUVEKdm94bURDME9MS2FzTE5sbzlqRmMKLS0tLS1FTkQgQ0VSVElGSUNBVEUtLS0tLQo=",
                "password": "",
                "username": ""
              }
            ],
            "master_authorized_networks_config": [],
            "master_version": "1.14.10-gke.27",
            "min_master_version": "",
            "monitoring_service": "monitoring.googleapis.com/kubernetes",
            "name": "kfvar",
            "network": "projects/springml-project-2020/global/networks/kfnetwork",
            "network_policy": [
              {
                "enabled": true,
                "provider": "CALICO"
              }
            ],
            "node_config": [
              {
                "disk_size_gb": 100,
                "disk_type": "pd-standard",
                "guest_accelerator": [],
                "image_type": "COS",
                "labels": {},
                "local_ssd_count": 0,
                "machine_type": "n1-standard-1",
                "metadata": {
                  "disable-legacy-endpoints": "true"
                },
                "min_cpu_platform": "",
                "oauth_scopes": [
                  "https://www.googleapis.com/auth/devstorage.read_only",
                  "https://www.googleapis.com/auth/logging.write",
                  "https://www.googleapis.com/auth/monitoring",
                  "https://www.googleapis.com/auth/service.management.readonly",
                  "https://www.googleapis.com/auth/servicecontrol",
                  "https://www.googleapis.com/auth/trace.append"
                ],
                "preemptible": false,
                "sandbox_config": [],
                "service_account": "default",
                "shielded_instance_config": [
                  {
                    "enable_integrity_monitoring": true,
                    "enable_secure_boot": false
                  }
                ],
                "tags": [],
                "taint": [],
                "workload_metadata_config": []
              }
            ],
            "node_locations": [],
            "node_pool": [
              {
                "autoscaling": [],
                "initial_node_count": 1,
                "instance_group_urls": [
                  "https://www.googleapis.com/compute/v1/projects/springml-project-2020/zones/us-west1-a/instanceGroupManagers/gke-kfvar-default-pool-46949d5d-grp"
                ],
                "management": [
                  {
                    "auto_repair": false,
                    "auto_upgrade": true
                  }
                ],
                "max_pods_per_node": 110,
                "name": "default-pool",
                "name_prefix": "",
                "node_config": [
                  {
                    "disk_size_gb": 100,
                    "disk_type": "pd-standard",
                    "guest_accelerator": [],
                    "image_type": "COS",
                    "labels": {},
                    "local_ssd_count": 0,
                    "machine_type": "n1-standard-1",
                    "metadata": {
                      "disable-legacy-endpoints": "true"
                    },
                    "min_cpu_platform": "",
                    "oauth_scopes": [
                      "https://www.googleapis.com/auth/devstorage.read_only",
                      "https://www.googleapis.com/auth/logging.write",
                      "https://www.googleapis.com/auth/monitoring",
                      "https://www.googleapis.com/auth/service.management.readonly",
                      "https://www.googleapis.com/auth/servicecontrol",
                      "https://www.googleapis.com/auth/trace.append"
                    ],
                    "preemptible": false,
                    "sandbox_config": [],
                    "service_account": "default",
                    "shielded_instance_config": [
                      {
                        "enable_integrity_monitoring": true,
                        "enable_secure_boot": false
                      }
                    ],
                    "tags": [],
                    "taint": [],
                    "workload_metadata_config": []
                  }
                ],
                "node_count": 1,
                "node_locations": [
                  "us-west1-a"
                ],
                "version": "1.14.10-gke.27"
              }
            ],
            "node_version": "1.14.10-gke.27",
            "pod_security_policy_config": [],
            "private_cluster_config": [],
            "project": "springml-project-2020",
            "region": null,
            "release_channel": [
              {
                "channel": "UNSPECIFIED"
              }
            ],
            "remove_default_node_pool": false,
            "resource_labels": {
              "application": "kubeflow",
              "env": "dev"
            },
            "resource_usage_export_config": [],
            "services_ipv4_cidr": "10.90.0.0/16",
            "subnetwork": "projects/springml-project-2020/regions/us-west1/subnetworks/kfsubnetwork",
            "timeouts": {
              "create": "30m",
              "delete": "30m",
              "update": "30m"
            },
            "tpu_ipv4_cidr_block": "",
            "vertical_pod_autoscaling": [],
            "workload_identity_config": [],
            "zone": "us-west1-a"
          },
          "private": "eyJlMmJmYjczMC1lY2FhLTExZTYtOGY4OC0zNDM2M2JjN2M0YzAiOnsiY3JlYXRlIjoxODAwMDAwMDAwMDAwLCJkZWxldGUiOjE4MDAwMDAwMDAwMDAsInVwZGF0ZSI6MTgwMDAwMDAwMDAwMH0sInNjaGVtYV92ZXJzaW9uIjoiMSJ9",
          "dependencies": [
            "google_service_account.kubeflow_admin",
            "google_service_account.kubeflow_user",
            "google_service_account.kubeflow_vm"
          ]
        }
      ]
    },
    {
      "mode": "managed",
      "type": "google_container_node_pool",
      "name": "highmem_pool",
      "provider": "provider.google-beta",
      "instances": [
        {
          "schema_version": 1,
          "attributes": {
            "autoscaling": [
              {
                "max_node_count": 10,
                "min_node_count": 0
              }
            ],
            "cluster": "kfvar",
            "id": "us-west1-a/kfvar/kfvar-highmem",
            "initial_node_count": 0,
            "instance_group_urls": [
              "https://www.googleapis.com/compute/v1/projects/springml-project-2020/zones/us-west1-a/instanceGroupManagers/gke-kfvar-kfvar-highmem-914304b7-grp"
            ],
            "location": "us-west1-a",
            "management": [
              {
                "auto_repair": true,
                "auto_upgrade": false
              }
            ],
            "max_pods_per_node": 110,
            "name": "kfvar-highmem",
            "name_prefix": "",
            "node_config": [
              {
                "disk_size_gb": 100,
                "disk_type": "pd-standard",
                "guest_accelerator": [],
                "image_type": "COS",
                "labels": {},
                "local_ssd_count": 0,
                "machine_type": "n2-highmem-16",
                "metadata": {
                  "disable-legacy-endpoints": "true"
                },
                "min_cpu_platform": "Intel Broadwell",
                "oauth_scopes": [
                  "https://www.googleapis.com/auth/devstorage.read_only",
                  "https://www.googleapis.com/auth/logging.write",
                  "https://www.googleapis.com/auth/monitoring"
                ],
                "preemptible": false,
                "sandbox_config": [],
                "service_account": "kfvar-vm-sa@springml-project-2020.iam.gserviceaccount.com",
                "shielded_instance_config": [
                  {
                    "enable_integrity_monitoring": true,
                    "enable_secure_boot": false
                  }
                ],
                "tags": null,
                "taint": [],
                "workload_metadata_config": []
              }
            ],
            "node_count": 0,
            "node_locations": [
              "us-west1-a"
            ],
            "project": "springml-project-2020",
            "region": null,
            "timeouts": {
              "create": "30m",
              "delete": "30m",
              "update": "30m"
            },
            "version": "1.14.10-gke.27",
            "zone": "us-west1-a"
          },
          "private": "eyJlMmJmYjczMC1lY2FhLTExZTYtOGY4OC0zNDM2M2JjN2M0YzAiOnsiY3JlYXRlIjoxODAwMDAwMDAwMDAwLCJkZWxldGUiOjE4MDAwMDAwMDAwMDAsInVwZGF0ZSI6MTgwMDAwMDAwMDAwMH0sInNjaGVtYV92ZXJzaW9uIjoiMSJ9",
          "dependencies": [
            "google_container_cluster.kubeflow_cluster",
            "google_service_account.kubeflow_admin",
            "google_service_account.kubeflow_user",
            "google_service_account.kubeflow_vm"
          ]
        }
      ]
    },
    {
      "mode": "managed",
      "type": "google_project_iam_member",
      "name": "cloudsql_proxy-cloudsql_admin",
      "provider": "provider.google",
      "instances": [
        {
          "schema_version": 0,
          "attributes": {
            "etag": "BwWj5REgDHM=",
            "id": "springml-project-2020/roles/cloudsql.admin/serviceaccount:kfvar-cloudsqlproxy-sa@springml-project-2020.iam.gserviceaccount.com",
            "member": "serviceAccount:kfvar-cloudsqlproxy-sa@springml-project-2020.iam.gserviceaccount.com",
            "project": "springml-project-2020",
            "role": "roles/cloudsql.admin"
          },
          "private": "bnVsbA==",
          "dependencies": [
            "google_service_account.cloudsql_proxy"
          ]
        }
      ]
    },
    {
      "mode": "managed",
      "type": "google_project_iam_member",
      "name": "cloudsql_proxy-cloudsql_client",
      "provider": "provider.google",
      "instances": [
        {
          "schema_version": 0,
          "attributes": {
            "etag": "BwWj5REgDHM=",
            "id": "springml-project-2020/roles/cloudsql.client/serviceaccount:kfvar-cloudsqlproxy-sa@springml-project-2020.iam.gserviceaccount.com",
            "member": "serviceAccount:kfvar-cloudsqlproxy-sa@springml-project-2020.iam.gserviceaccount.com",
            "project": "springml-project-2020",
            "role": "roles/cloudsql.client"
          },
          "private": "bnVsbA==",
          "dependencies": [
            "google_service_account.cloudsql_proxy"
          ]
        }
      ]
    },
    {
      "mode": "managed",
      "type": "google_project_iam_member",
      "name": "cloudsql_proxy-cloudsql_editor",
      "provider": "provider.google",
      "instances": [
        {
          "schema_version": 0,
          "attributes": {
            "etag": "BwWj5REgDHM=",
            "id": "springml-project-2020/roles/cloudsql.editor/serviceaccount:kfvar-cloudsqlproxy-sa@springml-project-2020.iam.gserviceaccount.com",
            "member": "serviceAccount:kfvar-cloudsqlproxy-sa@springml-project-2020.iam.gserviceaccount.com",
            "project": "springml-project-2020",
            "role": "roles/cloudsql.editor"
          },
          "private": "bnVsbA==",
          "dependencies": [
            "google_service_account.cloudsql_proxy"
          ]
        }
      ]
    },
    {
      "mode": "managed",
      "type": "google_project_iam_member",
      "name": "kubeflow_admin-compute_networkadmin",
      "provider": "provider.google",
      "instances": [
        {
          "schema_version": 0,
          "attributes": {
            "etag": "BwWj5REgDHM=",
            "id": "springml-project-2020/roles/compute.networkAdmin/serviceaccount:kfvar-admin-sa@springml-project-2020.iam.gserviceaccount.com",
            "member": "serviceAccount:kfvar-admin-sa@springml-project-2020.iam.gserviceaccount.com",
            "project": "springml-project-2020",
            "role": "roles/compute.networkAdmin"
          },
          "private": "bnVsbA==",
          "dependencies": [
            "google_service_account.kubeflow_admin"
          ]
        }
      ]
    },
    {
      "mode": "managed",
      "type": "google_project_iam_member",
      "name": "kubeflow_admin-servicemanagement-admin",
      "provider": "provider.google",
      "instances": [
        {
          "schema_version": 0,
          "attributes": {
            "etag": "BwWj5REgDHM=",
            "id": "springml-project-2020/roles/servicemanagement.admin/serviceaccount:kfvar-admin-sa@springml-project-2020.iam.gserviceaccount.com",
            "member": "serviceAccount:kfvar-admin-sa@springml-project-2020.iam.gserviceaccount.com",
            "project": "springml-project-2020",
            "role": "roles/servicemanagement.admin"
          },
          "private": "bnVsbA==",
          "dependencies": [
            "google_service_account.kubeflow_admin"
          ]
        }
      ]
    },
    {
      "mode": "managed",
      "type": "google_project_iam_member",
      "name": "kubeflow_admin-source_admin",
      "provider": "provider.google",
      "instances": [
        {
          "schema_version": 0,
          "attributes": {
            "etag": "BwWj5REgDHM=",
            "id": "springml-project-2020/roles/source.admin/serviceaccount:kfvar-admin-sa@springml-project-2020.iam.gserviceaccount.com",
            "member": "serviceAccount:kfvar-admin-sa@springml-project-2020.iam.gserviceaccount.com",
            "project": "springml-project-2020",
            "role": "roles/source.admin"
          },
          "private": "bnVsbA==",
          "dependencies": [
            "google_service_account.kubeflow_admin"
          ]
        }
      ]
    },
    {
      "mode": "managed",
      "type": "google_project_iam_member",
      "name": "kubeflow_user-compute-bigquery_admin",
      "provider": "provider.google",
      "instances": [
        {
          "schema_version": 0,
          "attributes": {
            "etag": "BwWj5REgDHM=",
            "id": "springml-project-2020/roles/bigquery.admin/serviceaccount:kfvar-user-sa@springml-project-2020.iam.gserviceaccount.com",
            "member": "serviceAccount:kfvar-user-sa@springml-project-2020.iam.gserviceaccount.com",
            "project": "springml-project-2020",
            "role": "roles/bigquery.admin"
          },
          "private": "bnVsbA==",
          "dependencies": [
            "google_service_account.kubeflow_user"
          ]
        }
      ]
    },
    {
      "mode": "managed",
      "type": "google_project_iam_member",
      "name": "kubeflow_user-compute-cloudbuild_builds_editor",
      "provider": "provider.google",
      "instances": [
        {
          "schema_version": 0,
          "attributes": {
            "etag": "BwWj5REgDHM=",
            "id": "springml-project-2020/roles/cloudbuild.builds.editor/serviceaccount:kfvar-user-sa@springml-project-2020.iam.gserviceaccount.com",
            "member": "serviceAccount:kfvar-user-sa@springml-project-2020.iam.gserviceaccount.com",
            "project": "springml-project-2020",
            "role": "roles/cloudbuild.builds.editor"
          },
          "private": "bnVsbA==",
          "dependencies": [
            "google_service_account.kubeflow_user"
          ]
        }
      ]
    },
    {
      "mode": "managed",
      "type": "google_project_iam_member",
      "name": "kubeflow_user-compute-cloudsql_admin",
      "provider": "provider.google",
      "instances": [
        {
          "schema_version": 0,
          "attributes": {
            "etag": "BwWj5REgDHM=",
            "id": "springml-project-2020/roles/cloudsql.admin/serviceaccount:kfvar-user-sa@springml-project-2020.iam.gserviceaccount.com",
            "member": "serviceAccount:kfvar-user-sa@springml-project-2020.iam.gserviceaccount.com",
            "project": "springml-project-2020",
            "role": "roles/cloudsql.admin"
          },
          "private": "bnVsbA==",
          "dependencies": [
            "google_service_account.kubeflow_user"
          ]
        }
      ]
    },
    {
      "mode": "managed",
      "type": "google_project_iam_member",
      "name": "kubeflow_user-compute-dataflow_admin",
      "provider": "provider.google",
      "instances": [
        {
          "schema_version": 0,
          "attributes": {
            "etag": "BwWj5REgDHM=",
            "id": "springml-project-2020/roles/dataflow.admin/serviceaccount:kfvar-user-sa@springml-project-2020.iam.gserviceaccount.com",
            "member": "serviceAccount:kfvar-user-sa@springml-project-2020.iam.gserviceaccount.com",
            "project": "springml-project-2020",
            "role": "roles/dataflow.admin"
          },
          "private": "bnVsbA==",
          "dependencies": [
            "google_service_account.kubeflow_user"
          ]
        }
      ]
    },
    {
      "mode": "managed",
      "type": "google_project_iam_member",
      "name": "kubeflow_user-compute-dataproc_editor",
      "provider": "provider.google",
      "instances": [
        {
          "schema_version": 0,
          "attributes": {
            "etag": "BwWj5REgDHM=",
            "id": "springml-project-2020/roles/dataproc.editor/serviceaccount:kfvar-user-sa@springml-project-2020.iam.gserviceaccount.com",
            "member": "serviceAccount:kfvar-user-sa@springml-project-2020.iam.gserviceaccount.com",
            "project": "springml-project-2020",
            "role": "roles/dataproc.editor"
          },
          "private": "bnVsbA==",
          "dependencies": [
            "google_service_account.kubeflow_user"
          ]
        }
      ]
    },
    {
      "mode": "managed",
      "type": "google_project_iam_member",
      "name": "kubeflow_user-compute-ml_admin",
      "provider": "provider.google",
      "instances": [
        {
          "schema_version": 0,
          "attributes": {
            "etag": "BwWj5REgDHM=",
            "id": "springml-project-2020/roles/ml.admin/serviceaccount:kfvar-user-sa@springml-project-2020.iam.gserviceaccount.com",
            "member": "serviceAccount:kfvar-user-sa@springml-project-2020.iam.gserviceaccount.com",
            "project": "springml-project-2020",
            "role": "roles/ml.admin"
          },
          "private": "bnVsbA==",
          "dependencies": [
            "google_service_account.kubeflow_user"
          ]
        }
      ]
    },
    {
      "mode": "managed",
      "type": "google_project_iam_member",
      "name": "kubeflow_user-compute-source_admin",
      "provider": "provider.google",
      "instances": [
        {
          "schema_version": 0,
          "attributes": {
            "etag": "BwWj5REgDHM=",
            "id": "springml-project-2020/roles/source.admin/serviceaccount:kfvar-user-sa@springml-project-2020.iam.gserviceaccount.com",
            "member": "serviceAccount:kfvar-user-sa@springml-project-2020.iam.gserviceaccount.com",
            "project": "springml-project-2020",
            "role": "roles/source.admin"
          },
          "private": "bnVsbA==",
          "dependencies": [
            "google_service_account.kubeflow_user"
          ]
        }
      ]
    },
    {
      "mode": "managed",
      "type": "google_project_iam_member",
      "name": "kubeflow_user-compute-storage_admin",
      "provider": "provider.google",
      "instances": [
        {
          "schema_version": 0,
          "attributes": {
            "etag": "BwWj5REgDHM=",
            "id": "springml-project-2020/roles/storage.admin/serviceaccount:kfvar-user-sa@springml-project-2020.iam.gserviceaccount.com",
            "member": "serviceAccount:kfvar-user-sa@springml-project-2020.iam.gserviceaccount.com",
            "project": "springml-project-2020",
            "role": "roles/storage.admin"
          },
          "private": "bnVsbA==",
          "dependencies": [
            "google_service_account.kubeflow_user"
          ]
        }
      ]
    },
    {
      "mode": "managed",
      "type": "google_project_iam_member",
      "name": "kubeflow_user-compute-viewer",
      "provider": "provider.google",
      "instances": [
        {
          "schema_version": 0,
          "attributes": {
            "etag": "BwWj5REgDHM=",
            "id": "springml-project-2020/roles/viewer/serviceaccount:kfvar-user-sa@springml-project-2020.iam.gserviceaccount.com",
            "member": "serviceAccount:kfvar-user-sa@springml-project-2020.iam.gserviceaccount.com",
            "project": "springml-project-2020",
            "role": "roles/viewer"
          },
          "private": "bnVsbA==",
          "dependencies": [
            "google_service_account.kubeflow_user"
          ]
        }
      ]
    },
    {
      "mode": "managed",
      "type": "google_project_iam_member",
      "name": "kubeflow_vm-compute-logging_logwriter",
      "provider": "provider.google",
      "instances": [
        {
          "schema_version": 0,
          "attributes": {
            "etag": "BwWj5REgDHM=",
            "id": "springml-project-2020/roles/logging.logWriter/serviceaccount:kfvar-vm-sa@springml-project-2020.iam.gserviceaccount.com",
            "member": "serviceAccount:kfvar-vm-sa@springml-project-2020.iam.gserviceaccount.com",
            "project": "springml-project-2020",
            "role": "roles/logging.logWriter"
          },
          "private": "bnVsbA==",
          "dependencies": [
            "google_service_account.kubeflow_vm"
          ]
        }
      ]
    },
    {
      "mode": "managed",
      "type": "google_project_iam_member",
      "name": "kubeflow_vm-compute-monitoring_metricwriter",
      "provider": "provider.google",
      "instances": [
        {
          "schema_version": 0,
          "attributes": {
            "etag": "BwWj5REgDHM=",
            "id": "springml-project-2020/roles/monitoring.metricWriter/serviceaccount:kfvar-vm-sa@springml-project-2020.iam.gserviceaccount.com",
            "member": "serviceAccount:kfvar-vm-sa@springml-project-2020.iam.gserviceaccount.com",
            "project": "springml-project-2020",
            "role": "roles/monitoring.metricWriter"
          },
          "private": "bnVsbA==",
          "dependencies": [
            "google_service_account.kubeflow_vm"
          ]
        }
      ]
    },
    {
      "mode": "managed",
      "type": "google_project_iam_member",
      "name": "kubeflow_vm-compute-storage_objectviewer",
      "provider": "provider.google",
      "instances": [
        {
          "schema_version": 0,
          "attributes": {
            "etag": "BwWj5REgDHM=",
            "id": "springml-project-2020/roles/storage.objectViewer/serviceaccount:kfvar-vm-sa@springml-project-2020.iam.gserviceaccount.com",
            "member": "serviceAccount:kfvar-vm-sa@springml-project-2020.iam.gserviceaccount.com",
            "project": "springml-project-2020",
            "role": "roles/storage.objectViewer"
          },
          "private": "bnVsbA==",
          "dependencies": [
            "google_service_account.kubeflow_vm"
          ]
        }
      ]
    },
    {
      "mode": "managed",
      "type": "google_service_account",
      "name": "cloudsql_proxy",
      "provider": "provider.google",
      "instances": [
        {
          "schema_version": 0,
          "attributes": {
            "account_id": "kfvar-cloudsqlproxy-sa",
            "description": "",
            "display_name": "Service account for kfvar to connect to cloudsql",
            "email": "kfvar-cloudsqlproxy-sa@springml-project-2020.iam.gserviceaccount.com",
            "id": "projects/springml-project-2020/serviceAccounts/kfvar-cloudsqlproxy-sa@springml-project-2020.iam.gserviceaccount.com",
            "name": "projects/springml-project-2020/serviceAccounts/kfvar-cloudsqlproxy-sa@springml-project-2020.iam.gserviceaccount.com",
            "policy_data": null,
            "project": "springml-project-2020",
            "unique_id": "104225009996665152063"
          },
          "private": "bnVsbA=="
        }
      ]
    },
    {
      "mode": "managed",
      "type": "google_service_account",
      "name": "kubeflow_admin",
      "provider": "provider.google",
      "instances": [
        {
          "schema_version": 0,
          "attributes": {
            "account_id": "kfvar-admin-sa",
            "description": "",
            "display_name": "Admin account for kfvar",
            "email": "kfvar-admin-sa@springml-project-2020.iam.gserviceaccount.com",
            "id": "projects/springml-project-2020/serviceAccounts/kfvar-admin-sa@springml-project-2020.iam.gserviceaccount.com",
            "name": "projects/springml-project-2020/serviceAccounts/kfvar-admin-sa@springml-project-2020.iam.gserviceaccount.com",
            "policy_data": null,
            "project": "springml-project-2020",
            "unique_id": "112741519237477673050"
          },
          "private": "bnVsbA=="
        }
      ]
    },
    {
      "mode": "managed",
      "type": "google_service_account",
      "name": "kubeflow_user",
      "provider": "provider.google",
      "instances": [
        {
          "schema_version": 0,
          "attributes": {
            "account_id": "kfvar-user-sa",
            "description": "",
            "display_name": "User account for kfvar",
            "email": "kfvar-user-sa@springml-project-2020.iam.gserviceaccount.com",
            "id": "projects/springml-project-2020/serviceAccounts/kfvar-user-sa@springml-project-2020.iam.gserviceaccount.com",
            "name": "projects/springml-project-2020/serviceAccounts/kfvar-user-sa@springml-project-2020.iam.gserviceaccount.com",
            "policy_data": null,
            "project": "springml-project-2020",
            "unique_id": "110362005423340429624"
          },
          "private": "bnVsbA=="
        }
      ]
    },
    {
      "mode": "managed",
      "type": "google_service_account",
      "name": "kubeflow_vm",
      "provider": "provider.google",
      "instances": [
        {
          "schema_version": 0,
          "attributes": {
            "account_id": "kfvar-vm-sa",
            "description": "",
            "display_name": "VM (GKE node) service account for kfvar",
            "email": "kfvar-vm-sa@springml-project-2020.iam.gserviceaccount.com",
            "id": "projects/springml-project-2020/serviceAccounts/kfvar-vm-sa@springml-project-2020.iam.gserviceaccount.com",
            "name": "projects/springml-project-2020/serviceAccounts/kfvar-vm-sa@springml-project-2020.iam.gserviceaccount.com",
            "policy_data": null,
            "project": "springml-project-2020",
            "unique_id": "109439670634359569143"
          },
          "private": "bnVsbA=="
        }
      ]
    },
    {
      "mode": "managed",
      "type": "google_service_account",
      "name": "velero",
      "provider": "provider.google",
      "instances": [
        {
          "schema_version": 0,
          "attributes": {
            "account_id": "kfvar-velero",
            "description": "",
            "display_name": "Velero account for kfvar",
            "email": "kfvar-velero@springml-project-2020.iam.gserviceaccount.com",
            "id": "projects/springml-project-2020/serviceAccounts/kfvar-velero@springml-project-2020.iam.gserviceaccount.com",
            "name": "projects/springml-project-2020/serviceAccounts/kfvar-velero@springml-project-2020.iam.gserviceaccount.com",
            "policy_data": null,
            "project": "springml-project-2020",
            "unique_id": "113862081011069078514"
          },
          "private": "bnVsbA=="
        }
      ]
    },
    {
      "mode": "managed",
      "type": "google_service_account_key",
      "name": "cloudsql_proxy_key",
      "provider": "provider.google",
      "instances": [
        {
          "schema_version": 0,
          "attributes": {
            "id": "projects/springml-project-2020/serviceAccounts/kfvar-cloudsqlproxy-sa@springml-project-2020.iam.gserviceaccount.com/keys/d610e1ba85de7e5f6d3352dde91f74c6da832103",
            "key_algorithm": "KEY_ALG_RSA_2048",
            "name": "projects/springml-project-2020/serviceAccounts/kfvar-cloudsqlproxy-sa@springml-project-2020.iam.gserviceaccount.com/keys/d610e1ba85de7e5f6d3352dde91f74c6da832103",
            "pgp_key": null,
            "private_key": "ewogICJ0eXBlIjogInNlcnZpY2VfYWNjb3VudCIsCiAgInByb2plY3RfaWQiOiAic3ByaW5nbWwtcHJvamVjdC0yMDIwIiwKICAicHJpdmF0ZV9rZXlfaWQiOiAiZDYxMGUxYmE4NWRlN2U1ZjZkMzM1MmRkZTkxZjc0YzZkYTgzMjEwMyIsCiAgInByaXZhdGVfa2V5IjogIi0tLS0tQkVHSU4gUFJJVkFURSBLRVktLS0tLVxuTUlJRXZnSUJBREFOQmdrcWhraUc5dzBCQVFFRkFBU0NCS2d3Z2dTa0FnRUFBb0lCQVFES3NRTkFBRmtvK1NiY1xuYU5teXBJQ0E4cTN3bXJBcXlxMCtwT0h2Rk9BcnRRUlBUV2ZnbFQ1NTl1L0VPZkZ2WWZ6eDYwdHdkN0J5OGJOa1xuSkRKNXZIS291OGRHUnFzL0MxcGJ5d1BJVTMrcExBMDFka1Btd0h3ckVXWm43cFJQNFl2anU5cWQzcTZSNm1wQ1xualhyRUsrWC9WZUxkM1NhSG1YOC85OTFMWDRMcWNiQTM3c0NLRzdpcG5vRE42bFV4U0NFUytTVUQrTHY0SGtPT1xuQzBadzdLU3FleGk3VWJhSEYwQnNuQ2EvaExWSXNHNHBCV3VPa2JvVGJiUVo2WnR0d2x4Ykt4UTZQVUlHa3VDaFxuMHU5Nk1XdUN0QzFCUFFyNkE5NHFhU1IwMTlla1NBZmFBYVI0VE9NaUVRcEJydzd3WkYwY1EwdnphZ2oxOXlvTlxueWxyM1F3dFhBZ01CQUFFQ2dnRUFBNTYrdXAxbStrTGM3VkhZRlljM25sWDNRbFZZOFNLMmptaGVlcWtxU2MyTlxuV3FjOHhEZVdLcEo4L01tMkpMR2cxV2RJN1NUT0czZHlwMGE0T2hGaUVONXR0RFVkNk4zWWlzd284S0tCSkxIYlxuT0ltNHM3M2JXZCtSTHlrRk1Cb01xQkFhV3ZoM3NMWjVtRit6Z2g1d21LdGRobTNsT3NYRWpvMXNQK1RnVHpTWlxuZEVnUG1kVjdCM2IzYlp0S3BoTDdKdmtITXhrQUtDc1pNdVJMMGNyN2tmbjdPaWU4V2ZOOVUrcDZQVjYvTFV4QVxuVCsvREZqbzVBUVp4eVh2MFV0bTJ0VjdUREtEUVM5RjZ3c251bEpCYXNXTFV4WnFtc3U0Q2g0QndCQjJmRnBHSlxuZ3RHeG9zN2pyMGxZR2F4YlhpSXNyVjBjQmVySXFTVURTVElOSmk2VUJRS0JnUUR5NHZ5VHp4U1lCNXI2MGRib1xuSkdDaGovOG9jQXRnUUl1R2JZR0d0WFZydkgzY0oxTVNmamxjem1vanEzeWlFeTZtWlhTSTQzZUIrRFNTc21ZQVxubjA5ODlUR2ZLSmdUTi9taU5RODNxVGFSMXlTMzR2V2dRaXNKZU1JME9uRzlGWlN6OTl6KzNlQ2hET1c0SmJSaVxuRkwzeDN1MUN2eTM1dFNOYlFjMk9jUm11U3dLQmdRRFZvbm13OXJmRUJXc2JJUDFqeU50clpvRTRsaElMdmR3bFxuSURZTDB1a3pRSXA2alhFR1RjdVEyMTRNVENJeldZQWRyUVhINFBKZEE1MGZPNXdrYXUxeVdtQW92K0N3UVNSdlxuZDNCckRNKzFUODVwa25WSG1QYVZsL1gvaHJMVGkyUjNJSW8vV3huT1dMNkpqR2ZOY3FqNXVJUTFZS3pKbkJuUFxuYUVxVms2di9wUUtCZ0RaN3ZtYTFwQXY2WU1SMHY3MXhNNC9xU2pWYTlPSlJlRHJlWTVqQkthYlNNSFZyQ05KMFxuS0EvdWFaYTR5QXRmUEM2dFFYZlhkcDViL0FjUUo1dHFJUjJKcnVqaDVVTWlZa2dGbVBWR2F1eEtFMzJBVnRMdFxuSk5SS0YxNDU0ZnVsVktjT0thK3VPODVFbzE4c2JnczJWZWxrdFZvc29uYUtNSFV2REpvd09xK0RBb0dCQUlKUVxudHR5YzB1SU8wQlBmWHRJRWp0d0h6aUZmWWFpcDZ1VDJyaUV1U2JSSzFXNEdZNENONmZQMTdIdWg0V2JqWElROVxucS80T0dLbG1iK3pDWnUvTURnV29YV25lQ2NoYUpFaWVXZ1BpNzd6UTdyOTFhSGNCTnNGdnpjNU9NejFabFRJWlxudGxzSlRrZVIyTUI4MWtEN2hWbTNGV2FlRHloNFFVSkVndUtWRHVGRkFvR0JBTkRtbFJBa0V5d3NWd1MxTlVYQVxuMGs4RXd5eTh1Mmo2cDRjdG85ZkRGeUNzTmwzekRObGtzMHVTUUtjamlWUnlDK3kydlQ1TGZFU2MrN1dOK1RPOVxuUldleW8wMG9DT2xHdWlXU0NWZWRIdVFhM1pITE9RUFpDc1B1bDM1d0FjNWo2YXFHZkZ1dE5xN2FlaGZ6eGw1YVxuQTUrVUJmLzZiRGpyem1ZWk5sZ3k5QTVmXG4tLS0tLUVORCBQUklWQVRFIEtFWS0tLS0tXG4iLAogICJjbGllbnRfZW1haWwiOiAia2Z2YXItY2xvdWRzcWxwcm94eS1zYUBzcHJpbmdtbC1wcm9qZWN0LTIwMjAuaWFtLmdzZXJ2aWNlYWNjb3VudC5jb20iLAogICJjbGllbnRfaWQiOiAiMTA0MjI1MDA5OTk2NjY1MTUyMDYzIiwKICAiYXV0aF91cmkiOiAiaHR0cHM6Ly9hY2NvdW50cy5nb29nbGUuY29tL28vb2F1dGgyL2F1dGgiLAogICJ0b2tlbl91cmkiOiAiaHR0cHM6Ly9vYXV0aDIuZ29vZ2xlYXBpcy5jb20vdG9rZW4iLAogICJhdXRoX3Byb3ZpZGVyX3g1MDlfY2VydF91cmwiOiAiaHR0cHM6Ly93d3cuZ29vZ2xlYXBpcy5jb20vb2F1dGgyL3YxL2NlcnRzIiwKICAiY2xpZW50X3g1MDlfY2VydF91cmwiOiAiaHR0cHM6Ly93d3cuZ29vZ2xlYXBpcy5jb20vcm9ib3QvdjEvbWV0YWRhdGEveDUwOS9rZnZhci1jbG91ZHNxbHByb3h5LXNhJTQwc3ByaW5nbWwtcHJvamVjdC0yMDIwLmlhbS5nc2VydmljZWFjY291bnQuY29tIgp9Cg==",
            "private_key_encrypted": null,
            "private_key_fingerprint": null,
            "private_key_type": "TYPE_GOOGLE_CREDENTIALS_FILE",
            "public_key": "LS0tLS1CRUdJTiBDRVJUSUZJQ0FURS0tLS0tCk1JSUMrakNDQWVLZ0F3SUJBZ0lJRW5MMlNrbEdCcUl3RFFZSktvWklodmNOQVFFRkJRQXdJREVlTUJ3R0ExVUUKQXhNVk1UQTBNakkxTURBNU9UazJOalkxTVRVeU1EWXpNQjRYRFRJd01EUXlNakU0TVRFeU5Wb1hEVE13TURReQpNREU0TVRFeU5Wb3dJREVlTUJ3R0ExVUVBeE1WTVRBME1qSTFNREE1T1RrMk5qWTFNVFV5TURZek1JSUJJakFOCkJna3Foa2lHOXcwQkFRRUZBQU9DQVE4QU1JSUJDZ0tDQVFFQXlyRURRQUJaS1BrbTNHalpzcVNBZ1BLdDhKcXcKS3NxdFBxVGg3eFRnSzdVRVQwMW40SlUrZWZidnhEbnhiMkg4OGV0TGNIZXdjdkd6WkNReWVieHlxTHZIUmthcgpQd3RhVzhzRHlGTi9xU3dOTlhaRDVzQjhLeEZtWis2VVQrR0w0N3ZhbmQ2dWtlcHFRbzE2eEN2bC8xWGkzZDBtCmg1bC9QL2ZkUzErQzZuR3dOKzdBaWh1NHFaNkF6ZXBWTVVnaEV2a2xBL2k3K0I1RGpndEdjT3lrcW5zWXUxRzIKaHhkQWJKd212NFMxU0xCdUtRVnJqcEc2RTIyMEdlbWJiY0pjV3lzVU9qMUNCcExnb2RMdmVqRnJnclF0UVQwSworZ1BlS21ra2ROZlhwRWdIMmdHa2VFempJaEVLUWE4TzhHUmRIRU5MODJvSTlmY3FEY3BhOTBNTFZ3SURBUUFCCm96Z3dOakFNQmdOVkhSTUJBZjhFQWpBQU1BNEdBMVVkRHdFQi93UUVBd0lIZ0RBV0JnTlZIU1VCQWY4RUREQUsKQmdnckJnRUZCUWNEQWpBTkJna3Foa2lHOXcwQkFRVUZBQU9DQVFFQXZxQzNIUWUrMmpjMWxUcXFtNWk2RVI0aQpDaEUyZ2xRQ2hKMEZVU1I4M2dHQldiQmVzaW1McHp3bEFzbVBqeHhCMXRjQlhWVnhsOUJZbDJ5aGlMeGE2Wkt2CjZLNnRPUC9VVmhmdFJFekNFa0FTL2lVZ2hrUzd4ZHpoNFc0NGZCS3RweURLYlh1Z3IzdlFLYzZTazR0ckRKbWUKZ2Z1OGo2UGhxck0rL1Z6b1NQME1lSHhRZHU4NG5Nbk9MTUxhb3MyeXFxZDMxeTVzQ3AwTmV2OHoreFlOVjlPdAovNit1azEwWXRmbTJ3d1pXRElOemNJcE9XSG1QTU10QVAxLytObk9SeTRWeExYL3ova2s2OGtMQ0pKRS9yZnROCnN0bGRjeFp3eElXVGwrUUZLZUNNSVZPWDYxOXZRZGhBWGxRUzMwTElnOWI5SDl6WFE2Y3M1NWZIeCtyUmdBPT0KLS0tLS1FTkQgQ0VSVElGSUNBVEUtLS0tLQo=",
            "public_key_type": "TYPE_X509_PEM_FILE",
            "service_account_id": "projects/springml-project-2020/serviceAccounts/kfvar-cloudsqlproxy-sa@springml-project-2020.iam.gserviceaccount.com",
            "valid_after": "2020-04-22T18:11:25Z",
            "valid_before": "2030-04-20T18:11:25Z"
          },
          "private": "bnVsbA==",
          "dependencies": [
            "google_service_account.cloudsql_proxy"
          ]
        }
      ]
    },
    {
      "mode": "managed",
      "type": "google_service_account_key",
      "name": "kubeflow_admin_key",
      "provider": "provider.google",
      "instances": [
        {
          "schema_version": 0,
          "attributes": {
            "id": "projects/springml-project-2020/serviceAccounts/kfvar-admin-sa@springml-project-2020.iam.gserviceaccount.com/keys/7e16056f90e48d6d44633d531cb49a58343a1225",
            "key_algorithm": "KEY_ALG_RSA_2048",
            "name": "projects/springml-project-2020/serviceAccounts/kfvar-admin-sa@springml-project-2020.iam.gserviceaccount.com/keys/7e16056f90e48d6d44633d531cb49a58343a1225",
            "pgp_key": null,
            "private_key": "ewogICJ0eXBlIjogInNlcnZpY2VfYWNjb3VudCIsCiAgInByb2plY3RfaWQiOiAic3ByaW5nbWwtcHJvamVjdC0yMDIwIiwKICAicHJpdmF0ZV9rZXlfaWQiOiAiN2UxNjA1NmY5MGU0OGQ2ZDQ0NjMzZDUzMWNiNDlhNTgzNDNhMTIyNSIsCiAgInByaXZhdGVfa2V5IjogIi0tLS0tQkVHSU4gUFJJVkFURSBLRVktLS0tLVxuTUlJRXZnSUJBREFOQmdrcWhraUc5dzBCQVFFRkFBU0NCS2d3Z2dTa0FnRUFBb0lCQVFDcHJwMzhMdW9EbFE5Q1xuYWxrMkJybGFHa0MrNDlkbEhuUmxaSGRVVm93Kzl0YVVhalhGMjRTa2F3RFAveVNUMlFZNjFpMGZhaHp4dVhuZFxuazRjdnpnODl3Y2dWSmRwYmN2SmRWSE14bkZsUDJ3NlZMUnlHWmVDZlNQOVhaT2FEcWpiWm9IcXEvUlBJRTYwL1xuSG1OZmpHb09wenNpL0ljRjZJYzRYZkwrZkxPM1FxclFUYk5yTVFMSG5La1pSZEJndVFaRmpTbGJVaW5mdWhPNVxuSVlnaFhwTzFZNXVWc1Y3RXExMUJaN0M3M2xMa0F1MjlsS3pUS29VdTl0NzFGcW85Q3VCaktVb3NRQWpsVkExS1xuTHV5TFlZdjJOTXRpZ2tram1ST2phWEVMdnJ2cUJlQ3pCUXhBdURWcGc2ZG5BeElUbXBHaWFEUUg4cUlKMDFSdlxuRnlWYUZ1djNBZ01CQUFFQ2dnRUFCZXU4d2Q0bDRVa2V3VnV5VURoM2d2QXo2U3FoeTAvKzUyNHBoeUpiL2gzTFxuNEFnOVp4dzJxb0ZuV1FWWFVwSVBReGRTZDJ4UytwRC94OGtNUGJ2MjBTOWFzQ09PMVM1b3pFays3eHRuREdwMlxuNkUxWGdrMjZHRTkwOENqcVdFRjZGMzcwNDM3Z09xbzJjSTQ2dTh5aEEzRGlGemJ3N291dUhaRTlyT2xQWUw5elxuOVc3b1hrOEhudDF6bjdIakRoenBQWXA5UGdRbXZreEFlNkpwdEtvZUxWYk5GNE9WQlFVaU1pdktSN2NkcXREd1xublZubjB3RnZ2cGV3ZkRzWEY0NHFTTDB0eXFqODVZWEtNbVFzdWRKd2lrRGNDVDhwVHRuSGxNQ3VIdzM0b2Rha1xuT1d6bWZtQXhDdU5KME5EK3hzWU5yUnJHY0lrOGJqcmZ3ay83bUdmVzZRS0JnUURzZDlmOGYzdWhYWTBGWDA2T1xub1AwRk0ycEZLVUNLUlM3SGVPMldwQ3ZwMzl5dk10NzhjV3h4MUtLTzhaRW9OV0pFVXk4L0V4T1ZUR0JsSFdyY1xuTUUwWWtMTXdvbElHemREZHA2cHlpNG5Cdm81d1FBNVdGbXJubkE3MHN1WG50ZHA0VXZobmdtV1VKV1VnSkQ3blxuRDdMeTlvaEFlY2N5MHc4ZlBGQmNpa0FraVFLQmdRQzNzcEp1bVR3bTNDNWVxSk5wT25MaUVVQ1ppOUxQMGdnOFxuRE5UcmREbUhTUUErRFZVSi9TNGFpZEpGdVZwMnl6ZXp4bmdIZjVSNWFCSTQvM0RHREUxVXQwTkY4VzNYM21HQVxuMlhXckExbkdFbzBlQk83cVF5OGhrNjlSSmJKQzlTSG5iTzJEWHh4K3RCVllRREd0WnJ2dDhyM1hLVHM5dUNRWFxuRUhBdnZVTnNmd0tCZ1FEcDFZemc1Sk8xdTFQamR4Nnd6aVBHaTlSUHRmNWJmUlJJTHA0TGRDYjBxK21IMm05RlxuQlVodXZBMVArek5HcHB1WTR3VjZndnUvakhwYUl4L3p3MVBKc2ZWd1oyTmoxUXp3MDRjcXBDL0NSaFNHamVGZlxuWWVXdlNOUkZSODh2TmRablcrekdOdDBLQlh5ZHJ4b0ExYlpvcWorTU9xQXY4eVFtQ0RlVGV5YjR1UUtCZ0Z5U1xuRHB6UmQ3Q1ZrSUIvTHhuK0xGcWtHd3ZGbkl6QjZRaHA1dnBvYlgweFduL3F0QW4rbmpjZGNPdFdCcktLb2gxa1xuVEtScXRHV2gvbHplelBQZ3l5OS8wdFR5WDBwRGRKczcrc0lkUkNZK3Z3Sjd0Zkl6dlJLTW0vS21ybmh6azR4T1xuSmpybnVUSllpZEVaT0crTHIvU3ZPTit1bFgzNng2VWYwWWtkTlZiOUFvR0JBTVZBc2xWd0ZBN0VoRnFoYTFIOFxuM3lMazNCdW41aEFhcTFmbkVzYkxsanlZN1dNbVdEaTFIZjBpKzhPSmliMTZwMTVDL3pCNUZQM2lRVFF3QjhMMVxubm9PTFk5cHN5Unp3a1E4Y3VDeHpzSTl0WHlpUk1DTXk2dGlManRrVHJFTVBGMmxaV2RYOUZVOVpPVEhtRTd2UFxuS0RaanVMd2hlUTdwS2RQTXlJdExDakZGXG4tLS0tLUVORCBQUklWQVRFIEtFWS0tLS0tXG4iLAogICJjbGllbnRfZW1haWwiOiAia2Z2YXItYWRtaW4tc2FAc3ByaW5nbWwtcHJvamVjdC0yMDIwLmlhbS5nc2VydmljZWFjY291bnQuY29tIiwKICAiY2xpZW50X2lkIjogIjExMjc0MTUxOTIzNzQ3NzY3MzA1MCIsCiAgImF1dGhfdXJpIjogImh0dHBzOi8vYWNjb3VudHMuZ29vZ2xlLmNvbS9vL29hdXRoMi9hdXRoIiwKICAidG9rZW5fdXJpIjogImh0dHBzOi8vb2F1dGgyLmdvb2dsZWFwaXMuY29tL3Rva2VuIiwKICAiYXV0aF9wcm92aWRlcl94NTA5X2NlcnRfdXJsIjogImh0dHBzOi8vd3d3Lmdvb2dsZWFwaXMuY29tL29hdXRoMi92MS9jZXJ0cyIsCiAgImNsaWVudF94NTA5X2NlcnRfdXJsIjogImh0dHBzOi8vd3d3Lmdvb2dsZWFwaXMuY29tL3JvYm90L3YxL21ldGFkYXRhL3g1MDkva2Z2YXItYWRtaW4tc2ElNDBzcHJpbmdtbC1wcm9qZWN0LTIwMjAuaWFtLmdzZXJ2aWNlYWNjb3VudC5jb20iCn0K",
            "private_key_encrypted": null,
            "private_key_fingerprint": null,
            "private_key_type": "TYPE_GOOGLE_CREDENTIALS_FILE",
            "public_key": "LS0tLS1CRUdJTiBDRVJUSUZJQ0FURS0tLS0tCk1JSUMrakNDQWVLZ0F3SUJBZ0lJV2xTV1J3YmcwNHd3RFFZSktvWklodmNOQVFFRkJRQXdJREVlTUJ3R0ExVUUKQXhNVk1URXlOelF4TlRFNU1qTTNORGMzTmpjek1EVXdNQjRYRFRJd01EUXlNakU0TVRFME4xb1hEVE13TURReQpNREU0TVRFME4xb3dJREVlTUJ3R0ExVUVBeE1WTVRFeU56UXhOVEU1TWpNM05EYzNOamN6TURVd01JSUJJakFOCkJna3Foa2lHOXcwQkFRRUZBQU9DQVE4QU1JSUJDZ0tDQVFFQXFhNmQvQzdxQTVVUFFtcFpOZ2E1V2hwQXZ1UFgKWlI1MFpXUjNWRmFNUHZiV2xHbzF4ZHVFcEdzQXovOGtrOWtHT3RZdEgyb2M4Ymw1M1pPSEw4NFBQY0hJRlNYYQpXM0x5WFZSek1aeFpUOXNPbFMwY2htWGduMGovVjJUbWc2bzIyYUI2cXYwVHlCT3RQeDVqWDR4cURxYzdJdnlICkJlaUhPRjN5L255enQwS3EwRTJ6YXpFQ3g1eXBHVVhRWUxrR1JZMHBXMUlwMzdvVHVTR0lJVjZUdFdPYmxiRmUKeEt0ZFFXZXd1OTVTNUFMdHZaU3MweXFGTHZiZTlSYXFQUXJnWXlsS0xFQUk1VlFOU2k3c2kyR0w5alRMWW9KSgpJNWtUbzJseEM3Njc2Z1hnc3dVTVFMZzFhWU9uWndNU0U1cVJvbWcwQi9LaUNkTlVieGNsV2hicjl3SURBUUFCCm96Z3dOakFNQmdOVkhSTUJBZjhFQWpBQU1BNEdBMVVkRHdFQi93UUVBd0lIZ0RBV0JnTlZIU1VCQWY4RUREQUsKQmdnckJnRUZCUWNEQWpBTkJna3Foa2lHOXcwQkFRVUZBQU9DQVFFQVRQYk5naDRueUxhVHBqQ21aZ1Q5YTc4VQprMkRBTk84VU9sT016Uk1kRFNjZklaa2VYMmZkWjBIbjJpdzdQbGx5K2V6RnJXeStLSlJuVUppRXVMdVpsRDZ6CkdPMFM2MG03RmJIWm1oZFJuTFZGUlNrTG5GYUt4NVVMZEh5SUd5b09OMkZtY1o0V09pSHVhdXNSL1BkbXlQTDcKVE1oVHN0MHc2Z2x5V3FITkJXUldPYW5tdWdIdkg1R2tWZjZSSmZyU0VTVHkvb2R3OWdpTGwxc09sZkw2T1VkTgpseHYwc3FuVUVuVDBuNHd6YXpNc3JucUU1enpPLzYrOW40ampzUGtMOHFIb0I1UXl6bi9uVFZoOGtEY0dhUkFDCmEwbnRad3ZjTjFjQTdBL0JZQzJZRU5KNGxvNkRJRXlRdEJqOVJRMS9iMmJVem52dHFvT0J0YzhGTmNQdm9nPT0KLS0tLS1FTkQgQ0VSVElGSUNBVEUtLS0tLQo=",
            "public_key_type": "TYPE_X509_PEM_FILE",
            "service_account_id": "projects/springml-project-2020/serviceAccounts/kfvar-admin-sa@springml-project-2020.iam.gserviceaccount.com",
            "valid_after": "2020-04-22T18:11:47Z",
            "valid_before": "2030-04-20T18:11:47Z"
          },
          "private": "bnVsbA==",
          "dependencies": [
            "google_service_account.kubeflow_admin"
          ]
        }
      ]
    },
    {
      "mode": "managed",
      "type": "google_service_account_key",
      "name": "kubeflow_user_key",
      "provider": "provider.google",
      "instances": [
        {
          "schema_version": 0,
          "attributes": {
            "id": "projects/springml-project-2020/serviceAccounts/kfvar-user-sa@springml-project-2020.iam.gserviceaccount.com/keys/4d428e9026981fde051001af6c2f3abcf983cee8",
            "key_algorithm": "KEY_ALG_RSA_2048",
            "name": "projects/springml-project-2020/serviceAccounts/kfvar-user-sa@springml-project-2020.iam.gserviceaccount.com/keys/4d428e9026981fde051001af6c2f3abcf983cee8",
            "pgp_key": null,
            "private_key": "ewogICJ0eXBlIjogInNlcnZpY2VfYWNjb3VudCIsCiAgInByb2plY3RfaWQiOiAic3ByaW5nbWwtcHJvamVjdC0yMDIwIiwKICAicHJpdmF0ZV9rZXlfaWQiOiAiNGQ0MjhlOTAyNjk4MWZkZTA1MTAwMWFmNmMyZjNhYmNmOTgzY2VlOCIsCiAgInByaXZhdGVfa2V5IjogIi0tLS0tQkVHSU4gUFJJVkFURSBLRVktLS0tLVxuTUlJRXZnSUJBREFOQmdrcWhraUc5dzBCQVFFRkFBU0NCS2d3Z2dTa0FnRUFBb0lCQVFDS1pWK0x6ejlJVWNjVVxud1cra0ZCOWd4Nmx4YW11ZHYwYnV0NC9oSXVFUk9TYWlxemNOMzIrWW1YQjRiVE5lLy9HUXhBalZKdzgzeE95NFxuU0tweUF2WmNKTWVueVZNM2RKRHA1TEcwM1BYMW4xaXpNYmdTTHM0d2RpU2cvQWc3bDdJYUY2eVR0dDhKQmxhd1xuRXBkMVVRRTR5OExzaHJ2Y3paQndhdTBqQWZGU0J5K0ZnTXkxTXIxVUwwRkprbEFYVVVPdC9iYnRJaGF5dWtWY1xuTXBxOGphYjBQQUlKaVl4eGdETFplQUVmSjV3VFRhV2ZNcjQvcDRPNjA5WExxRm1NREIxMkFqU1A5TmhBWVkwK1xuaHppQm05cHFpdFZLL3hxZWJKUWhUTnpMMENTZTZFRmVtTExOSzRLdmgxZXM3d2l6OVRibUpHTTZHL01lMWxTR1xuMUNORm92Qy9BZ01CQUFFQ2dnRUFFNFRHbS9aSHk1QlZEcFZWaElPZUJVMURsWTVYelRDNzlWRUlSczFmaHNsVFxuckorUExUSzFENFdjZWkrVWpqSjB4R0VSaWRadmJBTW5DN3FiNTJhSmptZFZqVkYwbmg2ZmpZMUdqdWFXL2VSU1xuWXp1QTVYZWFkdlZDcHozRWYzc2VrRldFYm5UZE1lMmw3a0ZCQVRmQ2Yxc2xpNnhZOUlROWVjMXEwb1FrbjlmVVxuZWlFVlVwcmpuK2s3UEVzSXdnMHhiUlZmRkJCRHFWL0plZXhuRGFPay93Y3ZOSG1RckE3R2M4YVNibisvclFvTFxuWThHTnkwd1FnUmZGemx3bnBoMzBnUnNxT2hiYWU4MGdQcXVUa2xSd2FKWFV2ZjhZbldEN090ZTV5SU1UbHhmSFxuRTQxaThBRFBRM24vUVdIc04wS21NVHcrcWh0cE9BbG1iTUhhZTRsUWFRS0JnUURDUk0zanRLWjJWZDk1UUlsRFxubFJ0d3BXLzRtM09Ec1dtUkx3QUQxTSswUzB0MzRXMmRsRFFpODBmUXN2a01LbS92VTcvUVN1R2ZzVno1eUIxVlxubW1IdmIwaHF6ZlFXdG9VNkZia2dzMzRYUEh3aHppb1EyT2w0eGdmcEo3SmlOSDVVMENMbGt0NlFiVVpOZ0pFRlxuZFhNMVk1N29kTEREVndlZWZPaG5DT015RFFLQmdRQzJYM3Rrd21RT01YR1JOWWxQZ1NHbDRWZENlYkd2RW1SRFxuQkNCNS9TSFZBWUlwZ1Q1RjE2SjJJOUFGVEFWbWJRcktVeTJJd2J0bU5QQzZPR09vZ29kMWJTOUx0QkcrOGRFaVxuVmZ1ejROYkJhQnBhTXMyMWxwcnYwb0Vzc0ljNXMwMFdVRm43RGd4Z3ljUTM2dXBIa1JORElGbzRYMkhZQm5DclxuRVFmNnJyTFcrd0tCZ1FDZkRPWGtQOHJwcDNUSE9PY294Yk1wanNrVnFXL3hxaGJjSHJiTWJEZUJUUVFFcWpPc1xuaCtJSG0xWjRyNDduUHZkVjRpTnd6VjNiK01JK1huQmwzWGZCS0VNSjdvU2c4OTR2cUFsaGxKTHZRejMrRDJTeFxuVm1ZUDAxSTJ1YUY2ZGEvWWtHK0J0YlV5V2NUdFB3MThncVJJV2IrSVljRTJyTkk0Rjl2T1A2Q0RJUUtCZ1FDT1xuSExkdDIrRFdBb2RwelJzVHZoOTNRTEtibFhMMVp0S0VPbW9JUlUyZ3k0MGZSSncvRm5wOXJ3aUJxQ3lwRlIyTVxuYmVhVW84cWhLVzNRM3ZJaHRKMVR6dUpGRHF1cGJJdzRRbUppV0RsZyt2dFdBREsyWndhVERTa2xwdVdvKytSOVxuRjk0V09XdEIzTmd2YnJwalRGU0RRV21zZGY4cnRGRUZyTDdZQkZ4T0V3S0JnQmJJdnBxUS9yNEpVYTZGcmpMYVxuOEhSR21lVCtOMlExdmsvZlozaFZJaUF6VGtXS0JpOEkxWC9QemowbW1kU3k5TzNVNmJDazFhMnhDbGZPdVNOTVxueENnY0pXcThoU0VJZ0V2aisvRVpxOXI4NDNJMkRsd1FCV3hNUForSVFORkxlcTl1bGxicmF4UGpmUlBDNWIrclxuZko5U1Mva0VBZkxleXVmNTZrQXVhejBUXG4tLS0tLUVORCBQUklWQVRFIEtFWS0tLS0tXG4iLAogICJjbGllbnRfZW1haWwiOiAia2Z2YXItdXNlci1zYUBzcHJpbmdtbC1wcm9qZWN0LTIwMjAuaWFtLmdzZXJ2aWNlYWNjb3VudC5jb20iLAogICJjbGllbnRfaWQiOiAiMTEwMzYyMDA1NDIzMzQwNDI5NjI0IiwKICAiYXV0aF91cmkiOiAiaHR0cHM6Ly9hY2NvdW50cy5nb29nbGUuY29tL28vb2F1dGgyL2F1dGgiLAogICJ0b2tlbl91cmkiOiAiaHR0cHM6Ly9vYXV0aDIuZ29vZ2xlYXBpcy5jb20vdG9rZW4iLAogICJhdXRoX3Byb3ZpZGVyX3g1MDlfY2VydF91cmwiOiAiaHR0cHM6Ly93d3cuZ29vZ2xlYXBpcy5jb20vb2F1dGgyL3YxL2NlcnRzIiwKICAiY2xpZW50X3g1MDlfY2VydF91cmwiOiAiaHR0cHM6Ly93d3cuZ29vZ2xlYXBpcy5jb20vcm9ib3QvdjEvbWV0YWRhdGEveDUwOS9rZnZhci11c2VyLXNhJTQwc3ByaW5nbWwtcHJvamVjdC0yMDIwLmlhbS5nc2VydmljZWFjY291bnQuY29tIgp9Cg==",
            "private_key_encrypted": null,
            "private_key_fingerprint": null,
            "private_key_type": "TYPE_GOOGLE_CREDENTIALS_FILE",
            "public_key": "LS0tLS1CRUdJTiBDRVJUSUZJQ0FURS0tLS0tCk1JSUMrakNDQWVLZ0F3SUJBZ0lJWlgrOVBPTWFScUF3RFFZSktvWklodmNOQVFFRkJRQXdJREVlTUJ3R0ExVUUKQXhNVk1URXdNell5TURBMU5ESXpNelF3TkRJNU5qSTBNQjRYRFRJd01EUXlNakU0TVRFME0xb1hEVE13TURReQpNREU0TVRFME0xb3dJREVlTUJ3R0ExVUVBeE1WTVRFd016WXlNREExTkRJek16UXdOREk1TmpJME1JSUJJakFOCkJna3Foa2lHOXcwQkFRRUZBQU9DQVE4QU1JSUJDZ0tDQVFFQWltVmZpODgvU0ZISEZNRnZwQlFmWU1lcGNXcHIKbmI5RzdyZVA0U0xoRVRrbW9xczNEZDl2bUpsd2VHMHpYdi94a01RSTFTY1BOOFRzdUVpcWNnTDJYQ1RIcDhsVApOM1NRNmVTeHROejE5WjlZc3pHNEVpN09NSFlrb1B3SU81ZXlHaGVzazdiZkNRWldzQktYZFZFQk9NdkM3SWE3CjNNMlFjR3J0SXdIeFVnY3ZoWURNdFRLOVZDOUJTWkpRRjFGRHJmMjI3U0lXc3JwRlhES2F2STJtOUR3Q0NZbU0KY1lBeTJYZ0JIeWVjRTAybG56SytQNmVEdXRQVnk2aFpqQXdkZGdJMGovVFlRR0dOUG9jNGdadmFhb3JWU3Y4YQpubXlVSVV6Y3k5QWtudWhCWHBpeXpTdUNyNGRYck84SXMvVTI1aVJqT2h2ekh0WlVodFFqUmFMd3Z3SURBUUFCCm96Z3dOakFNQmdOVkhSTUJBZjhFQWpBQU1BNEdBMVVkRHdFQi93UUVBd0lIZ0RBV0JnTlZIU1VCQWY4RUREQUsKQmdnckJnRUZCUWNEQWpBTkJna3Foa2lHOXcwQkFRVUZBQU9DQVFFQVF1cVM4aWRET1pCZnRwUWVYdUl6R3hPMQp3SzluZndFT3dxSVJzRXh1YTFXd0txYVp2OFFqZndrcjdqc1VwREtOUlVRckxSbWNDNTJRRk1OdCtMSzU0aUtPCjJJLytnb3JWNU5RYmlwei9QSjUreEdlUG5MaHFUZ2F6Zk1UZ1Z4cFRyWjhDYmhGN1A0U1hrcnZPaVdPUFpTcTQKTWZhYUYySnYzTGZBU0NUTldyeWVLNElET2lpd0dNZjFxU3ErZlQ2SDFPZUh5a3JQZ2F4czdPZ1drM1lkVDRNTQpJTHhVZ3ppL2piUWRLYnMxZUhrK0gvdDIwbDFXR0IvbmJkaGtNSlpsMWtaTUVXelJ2bmpCbTg0MlBUTk8vQmQ2Cld5OFdGRHhEa1p1SlhjVEJ4dWtBZnUxUWZaNHI5Sy9ZeVQvMnp0Q24ySW9ZVTVqd0Irek1GYzIraWtaRE5nPT0KLS0tLS1FTkQgQ0VSVElGSUNBVEUtLS0tLQo=",
            "public_key_type": "TYPE_X509_PEM_FILE",
            "service_account_id": "projects/springml-project-2020/serviceAccounts/kfvar-user-sa@springml-project-2020.iam.gserviceaccount.com",
            "valid_after": "2020-04-22T18:11:43Z",
            "valid_before": "2030-04-20T18:11:43Z"
          },
          "private": "bnVsbA==",
          "dependencies": [
            "google_service_account.kubeflow_user"
          ]
        }
      ]
    },
    {
      "mode": "managed",
      "type": "google_service_account_key",
      "name": "velero",
      "provider": "provider.google",
      "instances": [
        {
          "schema_version": 0,
          "attributes": {
            "id": "projects/springml-project-2020/serviceAccounts/kfvar-velero@springml-project-2020.iam.gserviceaccount.com/keys/4fd6426150de208a72d2552db0334912167ee9e4",
            "key_algorithm": "KEY_ALG_RSA_2048",
            "name": "projects/springml-project-2020/serviceAccounts/kfvar-velero@springml-project-2020.iam.gserviceaccount.com/keys/4fd6426150de208a72d2552db0334912167ee9e4",
            "pgp_key": null,
            "private_key": "ewogICJ0eXBlIjogInNlcnZpY2VfYWNjb3VudCIsCiAgInByb2plY3RfaWQiOiAic3ByaW5nbWwtcHJvamVjdC0yMDIwIiwKICAicHJpdmF0ZV9rZXlfaWQiOiAiNGZkNjQyNjE1MGRlMjA4YTcyZDI1NTJkYjAzMzQ5MTIxNjdlZTllNCIsCiAgInByaXZhdGVfa2V5IjogIi0tLS0tQkVHSU4gUFJJVkFURSBLRVktLS0tLVxuTUlJRXZRSUJBREFOQmdrcWhraUc5dzBCQVFFRkFBU0NCS2N3Z2dTakFnRUFBb0lCQVFEUjNRR05mVjNPaEZ5V1xuMDF3bkpha0pDZjdKL21kbnJ5YWx2ZUlIeGM3OEJGK2JoNEJWK1RIMWRqSm5TcHVTZDNtRjZNcm1zU2YwQjhRSVxuSEc5d1B2NDF1YVV6OFVxcitQbytDbEpFejlVMzgweVp2RDVET1hzRFlIMEIrbjE3Q2VTMTVDNlZPMEJkaXZwUVxuNk1YRDRtZkpMcGhmR3l0L1k2SjVzWVFoRWhUK1Q1M2V4dW1PWjFKODhpV0hyRXdSVVcyZ09peVRUbXN6UC80N1xuRXRSczFlamdhTTRMWlBjY3h3czIwMjBzb0Y2KzM0RjBWaDR1VDc5Z3dPNTlVSlg2U0J3YWJzOERmQ3hGRjZLNVxuYmt0ZXl2d2FnN0FSUWRwaC82bTFBdG9ZVzM4bmlUakppY3B5YUpTdGlHYWJkMjRHYm1FNVZkWW9IanVOclRIalxuWHA0TjNtUzNBZ01CQUFFQ2dnRUFFTVRYWjVZME5WanFOUkJmeXE1VEJXcUx0Z1E0QUZidkt2WGQ1bXB0NXV2MVxuTlJqc3JrZE5NS1NUS1NHOXNKbTZBaDNmS0o1N1BNcVV1cmt3UmwzTTNqOXo3ZVNYNTRucmVrMmFLVVFhRzNCbVxuRnpBQ3pFaFVNS21Odmp5NlkyY2ZvL3UrK25tbzQ2WHVrOHg3RVBNNXE4cFNBK0lkNWFpYnhrYmk4ZW1KOStWV1xuVlJaR1hxWk54ZEhvSUJDMlZmUEZ4L3J0eXcvU1dra2VSQ2ZkYVVBWVhMcDQ4Z21ZR21VSzZick9WOE5GZnhOeVxueE13RmRWTkM5NDRWTzlheEFhUk96cnV4OHBaS0NKeUlWM1FWSzNTck50b0tpd1QvaFR1MGFXaGpZNWxyMitjRlxuREdNTnFsMDVCamVaK1pzSW5GYUFDZndINitwL1cyV2JubmlhZFo5aXdRS0JnUUR1TTRpdmdPSjNvc1N3UVpKU1xuRVZzeURMVVlOZ1JqUkhZVVk3cTFjemFqa3B1cFg3bTRJN1ErdHdYeWpHZk9nTzhMM1ZIOE9waURxNi8rbllIM1xubTlRcEtaU1VRdWpVRFpSbVhFLzhNdldGeEVVOGxiNUZETXZJYnNRVnB1bEZLRTdLMDRzeWNtQUEyMW53eTdMcVxubVNBdWxxOENacXpQTEp4aENBLzgrVHFpVVFLQmdRRGhpMmVrdmY5UFkveWJlTFRjVDFDZXFnRmI1c2FPWFR0ZVxuQjZ0NkF2ZWNSK1RxOWNsU0FhZHA2RHlzeWFtZnphYVZjNTNadXZrRkEwUGV6UERVaExjaENkTXdjSllkOXorcFxuU0ZaZURoNTNIQ04yaHRoc1Vva1c1WnR5N3pUcTFhb3JUekMzTjhrT01hUkVKa2Q4SC9JdEFZMXBPQjR3akR2WlxuNFdRSFJpY01od0tCZ0FZQU1GcFRnZUVIcmJMUEJCT2pNa3Z4ZkFKdkllOHFRMXRDSStyOFN3MFYzV3dINkZMV1xuTzIwMUNTWlNHUzlmbWlZUFhraGZaWVl6cGd4aEJXd3FkYzdQcUZtUDBmTzluOVp3VHVlSWxSellrL0h4eDhoUFxuaVRhMGE2WXIvVVpydklocGllRXNkblN2RWZYNSs3ampRS2RMem43ZC9VNSt6alcza1VlTE04bnhBb0dCQU1NZFxuYlNqNGNNREdkOFlyc3hLUHp1ZWpuSTliWWxQUVZjWnZqaWw4SGFibUR5UXdRdHdkc0MyUGljWFVvMWdxZVR6N1xuQ3doTGxwZCtqcDFVMzlhSmhUOGdsOEZrOUlpeDF6SGo4VXRtblhaZk1sS2NMdWZ1c3NmTEZDSm15M21JSTdGWlxuellRQ3ozem05dnM1dmtlai8wWnQvRjZVL0pEMUQrWFo5VVhScTRCTEFvR0FQSm9PNlNjbCtQMjlPQVB3TzkzZ1xud1NGNFo5UDZMTWRTZHI5THdieVcvaVN4VDBFNW9TdUpFWm9mdmdvVmpZYjV6S2EyQ1R2VEo5S0ZCOTMxTkZQUlxuMEVqR0tCRkdwT29tWTFPNC9IVlMzNlZIWWl4T0k2c01uOE9iVmJVejhOcnQ4LzRTZWM0cHQxUnJkNUdlLzZYblxuWktvdE92eTF6Q2l5ZmpreTdVK0NNR0U9XG4tLS0tLUVORCBQUklWQVRFIEtFWS0tLS0tXG4iLAogICJjbGllbnRfZW1haWwiOiAia2Z2YXItdmVsZXJvQHNwcmluZ21sLXByb2plY3QtMjAyMC5pYW0uZ3NlcnZpY2VhY2NvdW50LmNvbSIsCiAgImNsaWVudF9pZCI6ICIxMTM4NjIwODEwMTEwNjkwNzg1MTQiLAogICJhdXRoX3VyaSI6ICJodHRwczovL2FjY291bnRzLmdvb2dsZS5jb20vby9vYXV0aDIvYXV0aCIsCiAgInRva2VuX3VyaSI6ICJodHRwczovL29hdXRoMi5nb29nbGVhcGlzLmNvbS90b2tlbiIsCiAgImF1dGhfcHJvdmlkZXJfeDUwOV9jZXJ0X3VybCI6ICJodHRwczovL3d3dy5nb29nbGVhcGlzLmNvbS9vYXV0aDIvdjEvY2VydHMiLAogICJjbGllbnRfeDUwOV9jZXJ0X3VybCI6ICJodHRwczovL3d3dy5nb29nbGVhcGlzLmNvbS9yb2JvdC92MS9tZXRhZGF0YS94NTA5L2tmdmFyLXZlbGVybyU0MHNwcmluZ21sLXByb2plY3QtMjAyMC5pYW0uZ3NlcnZpY2VhY2NvdW50LmNvbSIKfQo=",
            "private_key_encrypted": null,
            "private_key_fingerprint": null,
            "private_key_type": "TYPE_GOOGLE_CREDENTIALS_FILE",
            "public_key": "LS0tLS1CRUdJTiBDRVJUSUZJQ0FURS0tLS0tCk1JSUMrakNDQWVLZ0F3SUJBZ0lJRlh5N0tReVpzR0l3RFFZSktvWklodmNOQVFFRkJRQXdJREVlTUJ3R0ExVUUKQXhNVk1URXpPRFl5TURneE1ERXhNRFk1TURjNE5URTBNQjRYRFRJd01EUXlNakU0TVRFeU5sb1hEVE13TURReQpNREU0TVRFeU5sb3dJREVlTUJ3R0ExVUVBeE1WTVRFek9EWXlNRGd4TURFeE1EWTVNRGM0TlRFME1JSUJJakFOCkJna3Foa2lHOXcwQkFRRUZBQU9DQVE4QU1JSUJDZ0tDQVFFQTBkMEJqWDFkem9SY2x0TmNKeVdwQ1FuK3lmNW4KWjY4bXBiM2lCOFhPL0FSZm00ZUFWZmt4OVhZeVowcWJrbmQ1aGVqSzVyRW45QWZFQ0J4dmNENytOYm1sTS9GSwpxL2o2UGdwU1JNL1ZOL05NbWJ3K1F6bDdBMkI5QWZwOWV3bmt0ZVF1bFR0QVhZcjZVT2pGdytKbnlTNllYeHNyCmYyT2llYkdFSVJJVS9rK2Qzc2Jwam1kU2ZQSWxoNnhNRVZGdG9Eb3NrMDVyTXovK094TFViTlhvNEdqT0MyVDMKSE1jTE50TnRMS0JldnQrQmRGWWVMaysvWU1EdWZWQ1Yra2djR203UEEzd3NSUmVpdVc1TFhzcjhHb093RVVIYQpZZitwdFFMYUdGdC9KNGs0eVluS2NtaVVyWWhtbTNkdUJtNWhPVlhXS0I0N2phMHg0MTZlRGQ1a3R3SURBUUFCCm96Z3dOakFNQmdOVkhSTUJBZjhFQWpBQU1BNEdBMVVkRHdFQi93UUVBd0lIZ0RBV0JnTlZIU1VCQWY4RUREQUsKQmdnckJnRUZCUWNEQWpBTkJna3Foa2lHOXcwQkFRVUZBQU9DQVFFQUhxSDJVZ2xwL3h4RWFiQ1hZZUtJN3VxTgptbWtZWjFqMTZjT3EvY2VJaEFNNmhBaU1DN3MyaVg5QlZNd2psRE5ROWVLVERmT1d6cDhQNEVSMjdqblBibXl5CjJRTS95SGlLL2JZd1pwL2VWMGVJcEFvcjdtUW12VjdCWEtQcHQwQVpuNFZkUmZPbU96YnhDVGFraVpWVkdiWjYKd1ZrdGFaaTJCWGpLOG9KOXRUcEJmOExySUpsT3M0UHdXK21BTEJKajZaTVRHT2JzRWdLR0xGc2MyQ0pGekd6bApFUWJqTTYvZFVNM092eVlsd1FWV0pHRWora0V6cGEvb3k2NFJTRGdmVlRnQWx0Q2V6S2xZeEZpY29KcWl5bU1RClpHL2VOT0lnalR4aExPRHFTMmNJck9pMkZreGZwWkU4VlgzUXlBaUxBRHdlVHpoREs1ZW9PTUJZOXhYdkNnPT0KLS0tLS1FTkQgQ0VSVElGSUNBVEUtLS0tLQo=",
            "public_key_type": "TYPE_X509_PEM_FILE",
            "service_account_id": "projects/springml-project-2020/serviceAccounts/kfvar-velero@springml-project-2020.iam.gserviceaccount.com",
            "valid_after": "2020-04-22T18:11:26Z",
            "valid_before": "2030-04-20T18:11:26Z"
          },
          "private": "bnVsbA==",
          "dependencies": [
            "google_service_account.velero"
          ]
        }
      ]
    },
    {
      "mode": "managed",
      "type": "google_sql_database_instance",
      "name": "metadata_db_instance",
      "provider": "provider.google",
      "instances": [
        {
          "schema_version": 0,
          "attributes": {
            "connection_name": "springml-project-2020:us-west1:kfvar-36533231",
            "database_version": "MYSQL_5_7",
            "first_ip_address": "35.199.170.191",
            "id": "kfvar-36533231",
            "ip_address": [
              {
                "ip_address": "35.199.170.191",
                "time_to_retire": "",
                "type": "PRIMARY"
              }
            ],
            "master_instance_name": "",
            "name": "kfvar-36533231",
            "private_ip_address": "",
            "project": "springml-project-2020",
            "public_ip_address": "35.199.170.191",
            "region": "us-west1",
            "replica_configuration": [],
            "self_link": "https://www.googleapis.com/sql/v1beta4/projects/springml-project-2020/instances/kfvar-36533231",
            "server_ca_cert": [
              {
                "cert": "-----BEGIN CERTIFICATE-----\nMIIDfzCCAmegAwIBAgIBADANBgkqhkiG9w0BAQsFADB3MS0wKwYDVQQuEyQ2Mzg1\nNjcxMS04NDQ3LTQxN2MtYTYwZC1iNDUyYTcyNjMwNmIxIzAhBgNVBAMTGkdvb2ds\nZSBDbG91ZCBTUUwgU2VydmVyIENBMRQwEgYDVQQKEwtHb29nbGUsIEluYzELMAkG\nA1UEBhMCVVMwHhcNMjAwNDIyMTgxMzQ2WhcNMzAwNDIwMTgxNDQ2WjB3MS0wKwYD\nVQQuEyQ2Mzg1NjcxMS04NDQ3LTQxN2MtYTYwZC1iNDUyYTcyNjMwNmIxIzAhBgNV\nBAMTGkdvb2dsZSBDbG91ZCBTUUwgU2VydmVyIENBMRQwEgYDVQQKEwtHb29nbGUs\nIEluYzELMAkGA1UEBhMCVVMwggEiMA0GCSqGSIb3DQEBAQUAA4IBDwAwggEKAoIB\nAQChluDDHEtuY5LNp10JFBoIsmiV/E2HT6n53upOwjZ9Hg6HrwmgsPM0uO/COTqy\ng8GiTUMexYc/CDP+VK/AK0FiUalmtlYLT+eT7yggM2dYeLm9B5po7lmEHapZ/YPC\nzreQwla7BIO+3oMmiKl0OxaygoUMpn9kZPUDB736b/3AfUZ0XaENLXeGU7xjQObe\nXMH2ZTl5oYwRkwKgWPKA6nAVOJpdcZwmXjl6po3NHUPyRh+XyR4KKre9R1EVW7BX\naM0mQsJ1rYNsSirMMHw9fZTkWmh7N6UVbkfQnNFWthl++e6V1rR7YDQ7Qy74MUZq\nkYGvyaBnzlExTl/1z13Q2+ttAgMBAAGjFjAUMBIGA1UdEwEB/wQIMAYBAf8CAQAw\nDQYJKoZIhvcNAQELBQADggEBAFMyrPZrpM442otBBrye4NwPGy09mWYKQQHWgE2y\ns7Lmp2+460qPU2L2y/OjrPg3FYN9yenBrtk5n3HYhs/4sHcAs2dxaqWBIoYuNjCA\nd0Gay6iKbc5rKpVcpMmvE3ElPoRoj++mKoybBypQBp2SpzIkxJW8Bsg3mNqHTPEb\n2vB/A8Gq0eVH9hlqUKVPUrIJMhlFKc+ta8/0b3x0ug6fUOrRD6gJ/k6FARPuCOcg\nOqikj5g99Mqj9vYTeKsV9D9KpXkzY9EnCv+lKxxs1Pw2gU0+g1rS6eGB09qxywyn\nHNFiv1oEpdfURHdY9w92cMcOBaPbWQFuNJ/J89wcgPnnAVw=\n-----END CERTIFICATE-----",
                "common_name": "C=US,O=Google\\, Inc,CN=Google Cloud SQL Server CA,dnQualifier=63856711-8447-417c-a60d-b452a726306b",
                "create_time": "2020-04-22T18:13:46.686Z",
                "expiration_time": "2030-04-20T18:14:46.686Z",
                "sha1_fingerprint": "5741337e052bdbf613c3f1d89ba432d9c21e0bf3"
              }
            ],
            "service_account_email_address": "p302403663423-us2quq@gcp-sa-cloud-sql.iam.gserviceaccount.com",
            "settings": [
              {
                "activation_policy": "ALWAYS",
                "authorized_gae_applications": [],
                "availability_type": "",
                "backup_configuration": [
                  {
                    "binary_log_enabled": true,
                    "enabled": true,
                    "location": "",
                    "start_time": "08:00"
                  }
                ],
                "crash_safe_replication": false,
                "database_flags": [],
                "disk_autoresize": true,
                "disk_size": 10,
                "disk_type": "PD_SSD",
                "ip_configuration": [
                  {
                    "authorized_networks": [],
                    "ipv4_enabled": true,
                    "private_network": "",
                    "require_ssl": false
                  }
                ],
                "location_preference": [
                  {
                    "follow_gae_application": "",
                    "zone": "us-west1-a"
                  }
                ],
                "maintenance_window": [],
                "pricing_plan": "PER_USE",
                "replication_type": "SYNCHRONOUS",
                "tier": "db-n1-standard-4",
                "user_labels": {
                  "application": "kubeflow",
                  "cloudsql-instance-suffix": "36533231",
                  "env": "dev"
                },
                "version": 1
              }
            ],
            "timeouts": null
          },
          "private": "eyJlMmJmYjczMC1lY2FhLTExZTYtOGY4OC0zNDM2M2JjN2M0YzAiOnsiY3JlYXRlIjoxMjAwMDAwMDAwMDAwLCJkZWxldGUiOjEyMDAwMDAwMDAwMDAsInVwZGF0ZSI6MTIwMDAwMDAwMDAwMH19",
          "dependencies": [
            "random_id.db_name_suffix"
          ]
        }
      ]
    },
    {
      "mode": "managed",
      "type": "google_sql_user",
      "name": "developer",
      "provider": "provider.google",
      "instances": [
        {
          "schema_version": 1,
          "attributes": {
            "host": "%",
            "id": "developer/%/kfvar-36533231",
            "instance": "kfvar-36533231",
            "name": "developer",
            "password": "root",
            "project": "springml-project-2020"
          },
          "private": "eyJzY2hlbWFfdmVyc2lvbiI6IjEifQ==",
          "dependencies": [
            "google_sql_database_instance.metadata_db_instance",
            "random_id.db_name_suffix"
          ]
        }
      ]
    },
    {
      "mode": "managed",
      "type": "google_sql_user",
      "name": "read_only_user",
      "provider": "provider.google",
      "instances": [
        {
          "schema_version": 1,
          "attributes": {
            "host": "%",
            "id": "read_only/%/kfvar-36533231",
            "instance": "kfvar-36533231",
            "name": "read_only",
            "password": "readonly",
            "project": "springml-project-2020"
          },
          "private": "eyJzY2hlbWFfdmVyc2lvbiI6IjEifQ==",
          "dependencies": [
            "google_sql_database_instance.metadata_db_instance",
            "random_id.db_name_suffix"
          ]
        }
      ]
    },
    {
      "mode": "managed",
      "type": "google_sql_user",
      "name": "root_user",
      "provider": "provider.google",
      "instances": [
        {
          "schema_version": 1,
          "attributes": {
            "host": "%",
            "id": "root/%/kfvar-36533231",
            "instance": "kfvar-36533231",
            "name": "root",
            "password": "",
            "project": "springml-project-2020"
          },
          "private": "eyJzY2hlbWFfdmVyc2lvbiI6IjEifQ==",
          "dependencies": [
            "google_sql_database_instance.metadata_db_instance",
            "random_id.db_name_suffix"
          ]
        }
      ]
    },
    {
      "mode": "managed",
      "type": "google_storage_bucket",
      "name": "backup_bucket",
      "provider": "provider.google",
      "instances": [
        {
          "schema_version": 0,
          "attributes": {
            "bucket_policy_only": true,
            "cors": [],
            "encryption": [],
            "force_destroy": false,
            "id": "springml-project-2020_us-west1_kfvar_backup",
            "labels": {},
            "lifecycle_rule": [],
            "location": "US",
            "logging": [],
            "name": "springml-project-2020_us-west1_kfvar_backup",
            "predefined_acl": null,
            "project": "springml-project-2020",
            "requester_pays": false,
            "retention_policy": [],
            "self_link": "https://www.googleapis.com/storage/v1/b/springml-project-2020_us-west1_kfvar_backup",
            "storage_class": "STANDARD",
            "url": "gs://springml-project-2020_us-west1_kfvar_backup",
            "versioning": [],
            "website": []
          },
          "private": "bnVsbA=="
        }
      ]
    },
    {
      "mode": "managed",
      "type": "google_storage_bucket_iam_binding",
      "name": "ark_bucket_iam",
      "provider": "provider.google",
      "instances": [
        {
          "schema_version": 0,
          "attributes": {
            "bucket": "springml-project-2020_us-west1_kfvar_backup",
            "etag": "CAI=",
            "id": "springml-project-2020_us-west1_kfvar_backup/roles/storage.objectAdmin",
            "members": [
              "serviceAccount:kfvar-velero@springml-project-2020.iam.gserviceaccount.com"
            ],
            "role": "roles/storage.objectAdmin"
          },
          "private": "bnVsbA==",
          "dependencies": [
            "google_service_account.velero",
            "google_storage_bucket.backup_bucket"
          ]
        }
      ]
    },
    {
      "mode": "managed",
      "type": "kubernetes_namespace",
      "name": "kubeflow",
      "provider": "provider.kubernetes",
      "instances": [
        {
          "schema_version": 0,
          "attributes": {
            "id": "kubeflow",
            "metadata": [
              {
                "annotations": null,
                "generate_name": "",
                "generation": 0,
                "labels": null,
                "name": "kubeflow",
                "resource_version": "821",
                "self_link": "/api/v1/namespaces/kubeflow",
                "uid": "25a6a11f-84cb-11ea-b8d3-42010a8a022d"
              }
            ],
            "timeouts": null
          },
          "private": "eyJlMmJmYjczMC1lY2FhLTExZTYtOGY4OC0zNDM2M2JjN2M0YzAiOnsiZGVsZXRlIjozMDAwMDAwMDAwMDB9fQ==",
          "dependencies": [
            "google_container_cluster.kubeflow_cluster",
            "google_service_account.kubeflow_admin",
            "google_service_account.kubeflow_user",
            "google_service_account.kubeflow_vm"
          ]
        }
      ]
    },
    {
      "mode": "managed",
      "type": "kubernetes_namespace",
      "name": "velero",
      "provider": "provider.kubernetes",
      "instances": [
        {
          "schema_version": 0,
          "attributes": {
            "id": "velero",
            "metadata": [
              {
                "annotations": null,
                "generate_name": "",
                "generation": 0,
                "labels": {
                  "component": "velero"
                },
                "name": "velero",
                "resource_version": "822",
                "self_link": "/api/v1/namespaces/velero",
                "uid": "25a83115-84cb-11ea-b8d3-42010a8a022d"
              }
            ],
            "timeouts": null
          },
          "private": "eyJlMmJmYjczMC1lY2FhLTExZTYtOGY4OC0zNDM2M2JjN2M0YzAiOnsiZGVsZXRlIjozMDAwMDAwMDAwMDB9fQ==",
          "dependencies": [
            "google_container_cluster.kubeflow_cluster",
            "google_service_account.kubeflow_admin",
            "google_service_account.kubeflow_user",
            "google_service_account.kubeflow_vm"
          ]
        }
      ]
    },
    {
      "mode": "managed",
      "type": "kubernetes_role",
      "name": "kfp_sdk_user_role",
      "provider": "provider.kubernetes",
      "instances": [
        {
          "schema_version": 0,
          "attributes": {
            "id": "kubeflow/kfp-sdk-user",
            "metadata": [
              {
                "annotations": null,
                "generate_name": "",
                "generation": 0,
                "labels": {
                  "app": "ml-pipeline"
                },
                "name": "kfp-sdk-user",
                "namespace": "kubeflow",
                "resource_version": "839",
                "self_link": "/apis/rbac.authorization.k8s.io/v1/namespaces/kubeflow/roles/kfp-sdk-user",
                "uid": "2606e1f2-84cb-11ea-b8d3-42010a8a022d"
              }
            ],
            "rule": [
              {
                "api_groups": [
                  ""
                ],
                "resource_names": null,
                "resources": [
                  "services/proxy"
                ],
                "verbs": [
                  "create",
                  "get",
                  "list"
                ]
              }
            ]
          },
          "private": "bnVsbA==",
          "dependencies": [
            "google_container_cluster.kubeflow_cluster",
            "google_service_account.kubeflow_admin",
            "google_service_account.kubeflow_user",
            "google_service_account.kubeflow_vm",
            "kubernetes_namespace.kubeflow"
          ]
        }
      ]
    },
    {
      "mode": "managed",
      "type": "kubernetes_role_binding",
      "name": "kfp_sdk_user_rolebinding",
      "provider": "provider.kubernetes",
      "instances": [
        {
          "schema_version": 0,
          "attributes": {
            "id": "kubeflow/kfp-sdk-user",
            "metadata": [
              {
                "annotations": null,
                "generation": 0,
                "labels": {
                  "app": "ml-pipeline"
                },
                "name": "kfp-sdk-user",
                "namespace": "kubeflow",
                "resource_version": "843",
                "self_link": "/apis/rbac.authorization.k8s.io/v1/namespaces/kubeflow/rolebindings/kfp-sdk-user",
                "uid": "265dc66b-84cb-11ea-b8d3-42010a8a022d"
              }
            ],
            "role_ref": [
              {
                "api_group": "rbac.authorization.k8s.io",
                "kind": "Role",
                "name": "kfp-sdk-user"
              }
            ],
            "subject": [
              {
                "api_group": "rbac.authorization.k8s.io",
                "kind": "Group",
                "name": "system:authenticated",
                "namespace": "kubeflow"
              }
            ]
          },
          "private": "bnVsbA==",
          "dependencies": [
            "google_container_cluster.kubeflow_cluster",
            "google_service_account.kubeflow_admin",
            "google_service_account.kubeflow_user",
            "google_service_account.kubeflow_vm",
            "kubernetes_namespace.kubeflow",
            "kubernetes_role.kfp_sdk_user_role"
          ]
        }
      ]
    },
    {
      "mode": "managed",
      "type": "kubernetes_secret",
      "name": "admin-gcp-sa",
      "provider": "provider.kubernetes",
      "instances": [
        {
          "schema_version": 0,
          "attributes": {
            "data": {
              "admin-gcp-sa.json": "{\n  \"type\": \"service_account\",\n  \"project_id\": \"springml-project-2020\",\n  \"private_key_id\": \"7e16056f90e48d6d44633d531cb49a58343a1225\",\n  \"private_key\": \"-----BEGIN PRIVATE KEY-----\\nMIIEvgIBADANBgkqhkiG9w0BAQEFAASCBKgwggSkAgEAAoIBAQCprp38LuoDlQ9C\\nalk2BrlaGkC+49dlHnRlZHdUVow+9taUajXF24SkawDP/yST2QY61i0fahzxuXnd\\nk4cvzg89wcgVJdpbcvJdVHMxnFlP2w6VLRyGZeCfSP9XZOaDqjbZoHqq/RPIE60/\\nHmNfjGoOpzsi/IcF6Ic4XfL+fLO3QqrQTbNrMQLHnKkZRdBguQZFjSlbUinfuhO5\\nIYghXpO1Y5uVsV7Eq11BZ7C73lLkAu29lKzTKoUu9t71Fqo9CuBjKUosQAjlVA1K\\nLuyLYYv2NMtigkkjmROjaXELvrvqBeCzBQxAuDVpg6dnAxITmpGiaDQH8qIJ01Rv\\nFyVaFuv3AgMBAAECggEABeu8wd4l4UkewVuyUDh3gvAz6Sqhy0/+524phyJb/h3L\\n4Ag9Zxw2qoFnWQVXUpIPQxdSd2xS+pD/x8kMPbv20S9asCOO1S5ozEk+7xtnDGp2\\n6E1Xgk26GE908CjqWEF6F370437gOqo2cI46u8yhA3DiFzbw7ouuHZE9rOlPYL9z\\n9W7oXk8Hnt1zn7HjDhzpPYp9PgQmvkxAe6JptKoeLVbNF4OVBQUiMivKR7cdqtDw\\nnVnn0wFvvpewfDsXF44qSL0tyqj85YXKMmQsudJwikDcCT8pTtnHlMCuHw34odak\\nOWzmfmAxCuNJ0ND+xsYNrRrGcIk8bjrfwk/7mGfW6QKBgQDsd9f8f3uhXY0FX06O\\noP0FM2pFKUCKRS7HeO2WpCvp39yvMt78cWxx1KKO8ZEoNWJEUy8/ExOVTGBlHWrc\\nME0YkLMwolIGzdDdp6pyi4nBvo5wQA5WFmrnnA70suXntdp4UvhngmWUJWUgJD7n\\nD7Ly9ohAeccy0w8fPFBcikAkiQKBgQC3spJumTwm3C5eqJNpOnLiEUCZi9LP0gg8\\nDNTrdDmHSQA+DVUJ/S4aidJFuVp2yzezxngHf5R5aBI4/3DGDE1Ut0NF8W3X3mGA\\n2XWrA1nGEo0eBO7qQy8hk69RJbJC9SHnbO2DXxx+tBVYQDGtZrvt8r3XKTs9uCQX\\nEHAvvUNsfwKBgQDp1Yzg5JO1u1Pjdx6wziPGi9RPtf5bfRRILp4LdCb0q+mH2m9F\\nBUhuvA1P+zNGppuY4wV6gvu/jHpaIx/zw1PJsfVwZ2Nj1Qzw04cqpC/CRhSGjeFf\\nYeWvSNRFR88vNdZnW+zGNt0KBXydrxoA1bZoqj+MOqAv8yQmCDeTeyb4uQKBgFyS\\nDpzRd7CVkIB/Lxn+LFqkGwvFnIzB6Qhp5vpobX0xWn/qtAn+njcdcOtWBrKKoh1k\\nTKRqtGWh/lzezPPgyy9/0tTyX0pDdJs7+sIdRCY+vwJ7tfIzvRKMm/Kmrnhzk4xO\\nJjrnuTJYidEZOG+Lr/SvON+ulX36x6Uf0YkdNVb9AoGBAMVAslVwFA7EhFqha1H8\\n3yLk3Bun5hAaq1fnEsbLljyY7WMmWDi1Hf0i+8OJib16p15C/zB5FP3iQTQwB8L1\\nnoOLY9psyRzwkQ8cuCxzsI9tXyiRMCMy6tiLjtkTrEMPF2lZWdX9FU9ZOTHmE7vP\\nKDZjuLwheQ7pKdPMyItLCjFF\\n-----END PRIVATE KEY-----\\n\",\n  \"client_email\": \"kfvar-admin-sa@springml-project-2020.iam.gserviceaccount.com\",\n  \"client_id\": \"112741519237477673050\",\n  \"auth_uri\": \"https://accounts.google.com/o/oauth2/auth\",\n  \"token_uri\": \"https://oauth2.googleapis.com/token\",\n  \"auth_provider_x509_cert_url\": \"https://www.googleapis.com/oauth2/v1/certs\",\n  \"client_x509_cert_url\": \"https://www.googleapis.com/robot/v1/metadata/x509/kfvar-admin-sa%40springml-project-2020.iam.gserviceaccount.com\"\n}\n"
            },
            "id": "kubeflow/admin-gcp-sa",
            "metadata": [
              {
                "annotations": null,
                "generate_name": "",
                "generation": 0,
                "labels": null,
                "name": "admin-gcp-sa",
                "namespace": "kubeflow",
                "resource_version": "833",
                "self_link": "/api/v1/namespaces/kubeflow/secrets/admin-gcp-sa",
                "uid": "25e9aac4-84cb-11ea-b8d3-42010a8a022d"
              }
            ],
            "type": "Opaque"
          },
          "private": "bnVsbA==",
          "dependencies": [
            "google_container_cluster.kubeflow_cluster",
            "google_service_account.kubeflow_admin",
            "google_service_account.kubeflow_user",
            "google_service_account.kubeflow_vm",
            "google_service_account_key.kubeflow_admin_key",
            "kubernetes_namespace.kubeflow"
          ]
        }
      ]
    },
    {
      "mode": "managed",
      "type": "kubernetes_secret",
      "name": "cloudsql-instance-credentials",
      "provider": "provider.kubernetes",
      "instances": [
        {
          "schema_version": 0,
          "attributes": {
            "data": {
              "credentials.json": "{\n  \"type\": \"service_account\",\n  \"project_id\": \"springml-project-2020\",\n  \"private_key_id\": \"d610e1ba85de7e5f6d3352dde91f74c6da832103\",\n  \"private_key\": \"-----BEGIN PRIVATE KEY-----\\nMIIEvgIBADANBgkqhkiG9w0BAQEFAASCBKgwggSkAgEAAoIBAQDKsQNAAFko+Sbc\\naNmypICA8q3wmrAqyq0+pOHvFOArtQRPTWfglT559u/EOfFvYfzx60twd7By8bNk\\nJDJ5vHKou8dGRqs/C1pbywPIU3+pLA01dkPmwHwrEWZn7pRP4Yvju9qd3q6R6mpC\\njXrEK+X/VeLd3SaHmX8/991LX4LqcbA37sCKG7ipnoDN6lUxSCES+SUD+Lv4HkOO\\nC0Zw7KSqexi7UbaHF0BsnCa/hLVIsG4pBWuOkboTbbQZ6ZttwlxbKxQ6PUIGkuCh\\n0u96MWuCtC1BPQr6A94qaSR019ekSAfaAaR4TOMiEQpBrw7wZF0cQ0vzagj19yoN\\nylr3QwtXAgMBAAECggEAA56+up1m+kLc7VHYFYc3nlX3QlVY8SK2jmheeqkqSc2N\\nWqc8xDeWKpJ8/Mm2JLGg1WdI7STOG3dyp0a4OhFiEN5ttDUd6N3Yiswo8KKBJLHb\\nOIm4s73bWd+RLykFMBoMqBAaWvh3sLZ5mF+zgh5wmKtdhm3lOsXEjo1sP+TgTzSZ\\ndEgPmdV7B3b3bZtKphL7JvkHMxkAKCsZMuRL0cr7kfn7Oie8WfN9U+p6PV6/LUxA\\nT+/DFjo5AQZxyXv0Utm2tV7TDKDQS9F6wsnulJBasWLUxZqmsu4Ch4BwBB2fFpGJ\\ngtGxos7jr0lYGaxbXiIsrV0cBerIqSUDSTINJi6UBQKBgQDy4vyTzxSYB5r60dbo\\nJGChj/8ocAtgQIuGbYGGtXVrvH3cJ1MSfjlczmojq3yiEy6mZXSI43eB+DSSsmYA\\nn0989TGfKJgTN/miNQ83qTaR1yS34vWgQisJeMI0OnG9FZSz99z+3eChDOW4JbRi\\nFL3x3u1Cvy35tSNbQc2OcRmuSwKBgQDVonmw9rfEBWsbIP1jyNtrZoE4lhILvdwl\\nIDYL0ukzQIp6jXEGTcuQ214MTCIzWYAdrQXH4PJdA50fO5wkau1yWmAov+CwQSRv\\nd3BrDM+1T85pknVHmPaVl/X/hrLTi2R3IIo/WxnOWL6JjGfNcqj5uIQ1YKzJnBnP\\naEqVk6v/pQKBgDZ7vma1pAv6YMR0v71xM4/qSjVa9OJReDreY5jBKabSMHVrCNJ0\\nKA/uaZa4yAtfPC6tQXfXdp5b/AcQJ5tqIR2Jrujh5UMiYkgFmPVGauxKE32AVtLt\\nJNRKF1454fulVKcOKa+uO85Eo18sbgs2VelktVosonaKMHUvDJowOq+DAoGBAIJQ\\nttyc0uIO0BPfXtIEjtwHziFfYaip6uT2riEuSbRK1W4GY4CN6fP17Huh4WbjXIQ9\\nq/4OGKlmb+zCZu/MDgWoXWneCchaJEieWgPi77zQ7r91aHcBNsFvzc5OMz1ZlTIZ\\ntlsJTkeR2MB81kD7hVm3FWaeDyh4QUJEguKVDuFFAoGBANDmlRAkEywsVwS1NUXA\\n0k8Ewyy8u2j6p4cto9fDFyCsNl3zDNlks0uSQKcjiVRyC+y2vT5LfESc+7WN+TO9\\nRWeyo00oCOlGuiWSCVedHuQa3ZHLOQPZCsPul35wAc5j6aqGfFutNq7aehfzxl5a\\nA5+UBf/6bDjrzmYZNlgy9A5f\\n-----END PRIVATE KEY-----\\n\",\n  \"client_email\": \"kfvar-cloudsqlproxy-sa@springml-project-2020.iam.gserviceaccount.com\",\n  \"client_id\": \"104225009996665152063\",\n  \"auth_uri\": \"https://accounts.google.com/o/oauth2/auth\",\n  \"token_uri\": \"https://oauth2.googleapis.com/token\",\n  \"auth_provider_x509_cert_url\": \"https://www.googleapis.com/oauth2/v1/certs\",\n  \"client_x509_cert_url\": \"https://www.googleapis.com/robot/v1/metadata/x509/kfvar-cloudsqlproxy-sa%40springml-project-2020.iam.gserviceaccount.com\"\n}\n"
            },
            "id": "kubeflow/cloudsql-instance-credentials",
            "metadata": [
              {
                "annotations": null,
                "generate_name": "",
                "generation": 0,
                "labels": null,
                "name": "cloudsql-instance-credentials",
                "namespace": "kubeflow",
                "resource_version": "835",
                "self_link": "/api/v1/namespaces/kubeflow/secrets/cloudsql-instance-credentials",
                "uid": "25f1a780-84cb-11ea-b8d3-42010a8a022d"
              }
            ],
            "type": "Opaque"
          },
          "private": "bnVsbA==",
          "dependencies": [
            "google_container_cluster.kubeflow_cluster",
            "google_service_account.kubeflow_admin",
            "google_service_account.kubeflow_user",
            "google_service_account.kubeflow_vm",
            "google_service_account_key.cloudsql_proxy_key",
            "kubernetes_namespace.kubeflow"
          ]
        }
      ]
    },
    {
      "mode": "managed",
      "type": "kubernetes_secret",
      "name": "service_account_key",
      "provider": "provider.kubernetes",
      "instances": [
        {
          "schema_version": 0,
          "attributes": {
            "data": {
              "cloud": "{\n  \"type\": \"service_account\",\n  \"project_id\": \"springml-project-2020\",\n  \"private_key_id\": \"4fd6426150de208a72d2552db0334912167ee9e4\",\n  \"private_key\": \"-----BEGIN PRIVATE KEY-----\\nMIIEvQIBADANBgkqhkiG9w0BAQEFAASCBKcwggSjAgEAAoIBAQDR3QGNfV3OhFyW\\n01wnJakJCf7J/mdnryalveIHxc78BF+bh4BV+TH1djJnSpuSd3mF6MrmsSf0B8QI\\nHG9wPv41uaUz8Uqr+Po+ClJEz9U380yZvD5DOXsDYH0B+n17CeS15C6VO0BdivpQ\\n6MXD4mfJLphfGyt/Y6J5sYQhEhT+T53exumOZ1J88iWHrEwRUW2gOiyTTmszP/47\\nEtRs1ejgaM4LZPccxws2020soF6+34F0Vh4uT79gwO59UJX6SBwabs8DfCxFF6K5\\nbkteyvwag7ARQdph/6m1AtoYW38niTjJicpyaJStiGabd24GbmE5VdYoHjuNrTHj\\nXp4N3mS3AgMBAAECggEAEMTXZ5Y0NVjqNRBfyq5TBWqLtgQ4AFbvKvXd5mpt5uv1\\nNRjsrkdNMKSTKSG9sJm6Ah3fKJ57PMqUurkwRl3M3j9z7eSX54nrek2aKUQaG3Bm\\nFzACzEhUMKmNvjy6Y2cfo/u++nmo46Xuk8x7EPM5q8pSA+Id5aibxkbi8emJ9+VW\\nVRZGXqZNxdHoIBC2VfPFx/rtyw/SWkkeRCfdaUAYXLp48gmYGmUK6brOV8NFfxNy\\nxMwFdVNC944VO9axAaROzrux8pZKCJyIV3QVK3SrNtoKiwT/hTu0aWhjY5lr2+cF\\nDGMNql05BjeZ+ZsInFaACfwH6+p/W2WbnniadZ9iwQKBgQDuM4ivgOJ3osSwQZJS\\nEVsyDLUYNgRjRHYUY7q1czajkpupX7m4I7Q+twXyjGfOgO8L3VH8OpiDq6/+nYH3\\nm9QpKZSUQujUDZRmXE/8MvWFxEU8lb5FDMvIbsQVpulFKE7K04sycmAA21nwy7Lq\\nmSAulq8CZqzPLJxhCA/8+TqiUQKBgQDhi2ekvf9PY/ybeLTcT1CeqgFb5saOXTte\\nB6t6AvecR+Tq9clSAadp6DysyamfzaaVc53ZuvkFA0PezPDUhLchCdMwcJYd9z+p\\nSFZeDh53HCN2hthsUokW5Zty7zTq1aorTzC3N8kOMaREJkd8H/ItAY1pOB4wjDvZ\\n4WQHRicMhwKBgAYAMFpTgeEHrbLPBBOjMkvxfAJvIe8qQ1tCI+r8Sw0V3WwH6FLW\\nO201CSZSGS9fmiYPXkhfZYYzpgxhBWwqdc7PqFmP0fO9n9ZwTueIlRzYk/Hxx8hP\\niTa0a6Yr/UZrvIhpieEsdnSvEfX5+7jjQKdLzn7d/U5+zjW3kUeLM8nxAoGBAMMd\\nbSj4cMDGd8YrsxKPzuejnI9bYlPQVcZvjil8HabmDyQwQtwdsC2PicXUo1gqeTz7\\nCwhLlpd+jp1U39aJhT8gl8Fk9Iix1zHj8UtmnXZfMlKcLufussfLFCJmy3mII7FZ\\nzYQCz3zm9vs5vkej/0Zt/F6U/JD1D+XZ9UXRq4BLAoGAPJoO6Scl+P29OAPwO93g\\nwSF4Z9P6LMdSdr9LwbyW/iSxT0E5oSuJEZofvgoVjYb5zKa2CTvTJ9KFB931NFPR\\n0EjGKBFGpOomY1O4/HVS36VHYixOI6sMn8ObVbUz8Nrt8/4Sec4pt1Rrd5Ge/6Xn\\nZKotOvy1zCiyfjky7U+CMGE=\\n-----END PRIVATE KEY-----\\n\",\n  \"client_email\": \"kfvar-velero@springml-project-2020.iam.gserviceaccount.com\",\n  \"client_id\": \"113862081011069078514\",\n  \"auth_uri\": \"https://accounts.google.com/o/oauth2/auth\",\n  \"token_uri\": \"https://oauth2.googleapis.com/token\",\n  \"auth_provider_x509_cert_url\": \"https://www.googleapis.com/oauth2/v1/certs\",\n  \"client_x509_cert_url\": \"https://www.googleapis.com/robot/v1/metadata/x509/kfvar-velero%40springml-project-2020.iam.gserviceaccount.com\"\n}\n"
            },
            "id": "velero/cloud-credentials",
            "metadata": [
              {
                "annotations": null,
                "generate_name": "",
                "generation": 0,
                "labels": {
                  "component": "velero"
                },
                "name": "cloud-credentials",
                "namespace": "velero",
                "resource_version": "837",
                "self_link": "/api/v1/namespaces/velero/secrets/cloud-credentials",
                "uid": "25fe141d-84cb-11ea-b8d3-42010a8a022d"
              }
            ],
            "type": "Opaque"
          },
          "private": "bnVsbA==",
          "dependencies": [
            "google_container_cluster.kubeflow_cluster",
            "google_service_account.kubeflow_admin",
            "google_service_account.kubeflow_user",
            "google_service_account.kubeflow_vm",
            "google_service_account_key.velero",
            "kubernetes_namespace.velero"
          ]
        }
      ]
    },
    {
      "mode": "managed",
      "type": "kubernetes_secret",
      "name": "user-gcp-sa",
      "provider": "provider.kubernetes",
      "instances": [
        {
          "schema_version": 0,
          "attributes": {
            "data": {
              "user-gcp-sa.json": "{\n  \"type\": \"service_account\",\n  \"project_id\": \"springml-project-2020\",\n  \"private_key_id\": \"4d428e9026981fde051001af6c2f3abcf983cee8\",\n  \"private_key\": \"-----BEGIN PRIVATE KEY-----\\nMIIEvgIBADANBgkqhkiG9w0BAQEFAASCBKgwggSkAgEAAoIBAQCKZV+Lzz9IUccU\\nwW+kFB9gx6lxamudv0but4/hIuEROSaiqzcN32+YmXB4bTNe//GQxAjVJw83xOy4\\nSKpyAvZcJMenyVM3dJDp5LG03PX1n1izMbgSLs4wdiSg/Ag7l7IaF6yTtt8JBlaw\\nEpd1UQE4y8LshrvczZBwau0jAfFSBy+FgMy1Mr1UL0FJklAXUUOt/bbtIhayukVc\\nMpq8jab0PAIJiYxxgDLZeAEfJ5wTTaWfMr4/p4O609XLqFmMDB12AjSP9NhAYY0+\\nhziBm9pqitVK/xqebJQhTNzL0CSe6EFemLLNK4Kvh1es7wiz9TbmJGM6G/Me1lSG\\n1CNFovC/AgMBAAECggEAE4TGm/ZHy5BVDpVVhIOeBU1DlY5XzTC79VEIRs1fhslT\\nrJ+PLTK1D4Wcei+UjjJ0xGERidZvbAMnC7qb52aJjmdVjVF0nh6fjY1GjuaW/eRS\\nYzuA5XeadvVCpz3Ef3sekFWEbnTdMe2l7kFBATfCf1sli6xY9IQ9ec1q0oQkn9fU\\neiEVUprjn+k7PEsIwg0xbRVfFBBDqV/JeexnDaOk/wcvNHmQrA7Gc8aSbn+/rQoL\\nY8GNy0wQgRfFzlwnph30gRsqOhbae80gPquTklRwaJXUvf8YnWD7Ote5yIMTlxfH\\nE41i8ADPQ3n/QWHsN0KmMTw+qhtpOAlmbMHae4lQaQKBgQDCRM3jtKZ2Vd95QIlD\\nlRtwpW/4m3ODsWmRLwAD1M+0S0t34W2dlDQi80fQsvkMKm/vU7/QSuGfsVz5yB1V\\nmmHvb0hqzfQWtoU6Fbkgs34XPHwhzioQ2Ol4xgfpJ7JiNH5U0CLlkt6QbUZNgJEF\\ndXM1Y57odLDDVweefOhnCOMyDQKBgQC2X3tkwmQOMXGRNYlPgSGl4VdCebGvEmRD\\nBCB5/SHVAYIpgT5F16J2I9AFTAVmbQrKUy2IwbtmNPC6OGOogod1bS9LtBG+8dEi\\nVfuz4NbBaBpaMs21lprv0oEssIc5s00WUFn7DgxgycQ36upHkRNDIFo4X2HYBnCr\\nEQf6rrLW+wKBgQCfDOXkP8rpp3THOOcoxbMpjskVqW/xqhbcHrbMbDeBTQQEqjOs\\nh+IHm1Z4r47nPvdV4iNwzV3b+MI+XnBl3XfBKEMJ7oSg894vqAlhlJLvQz3+D2Sx\\nVmYP01I2uaF6da/YkG+BtbUyWcTtPw18gqRIWb+IYcE2rNI4F9vOP6CDIQKBgQCO\\nHLdt2+DWAodpzRsTvh93QLKblXL1ZtKEOmoIRU2gy40fRJw/Fnp9rwiBqCypFR2M\\nbeaUo8qhKW3Q3vIhtJ1TzuJFDqupbIw4QmJiWDlg+vtWADK2ZwaTDSklpuWo++R9\\nF94WOWtB3NgvbrpjTFSDQWmsdf8rtFEFrL7YBFxOEwKBgBbIvpqQ/r4JUa6FrjLa\\n8HRGmeT+N2Q1vk/fZ3hVIiAzTkWKBi8I1X/Pzj0mmdSy9O3U6bCk1a2xClfOuSNM\\nxCgcJWq8hSEIgEvj+/EZq9r843I2DlwQBWxMPZ+IQNFLeq9ullbraxPjfRPC5b+r\\nfJ9SS/kEAfLeyuf56kAuaz0T\\n-----END PRIVATE KEY-----\\n\",\n  \"client_email\": \"kfvar-user-sa@springml-project-2020.iam.gserviceaccount.com\",\n  \"client_id\": \"110362005423340429624\",\n  \"auth_uri\": \"https://accounts.google.com/o/oauth2/auth\",\n  \"token_uri\": \"https://oauth2.googleapis.com/token\",\n  \"auth_provider_x509_cert_url\": \"https://www.googleapis.com/oauth2/v1/certs\",\n  \"client_x509_cert_url\": \"https://www.googleapis.com/robot/v1/metadata/x509/kfvar-user-sa%40springml-project-2020.iam.gserviceaccount.com\"\n}\n"
            },
            "id": "kubeflow/user-gcp-sa",
            "metadata": [
              {
                "annotations": null,
                "generate_name": "",
                "generation": 0,
                "labels": null,
                "name": "user-gcp-sa",
                "namespace": "kubeflow",
                "resource_version": "834",
                "self_link": "/api/v1/namespaces/kubeflow/secrets/user-gcp-sa",
                "uid": "25ed4a5d-84cb-11ea-b8d3-42010a8a022d"
              }
            ],
            "type": "Opaque"
          },
          "private": "bnVsbA==",
          "dependencies": [
            "google_container_cluster.kubeflow_cluster",
            "google_service_account.kubeflow_admin",
            "google_service_account.kubeflow_user",
            "google_service_account.kubeflow_vm",
            "google_service_account_key.kubeflow_user_key",
            "kubernetes_namespace.kubeflow"
          ]
        }
      ]
    },
    {
      "mode": "managed",
      "type": "null_resource",
      "name": "delete_default_kube_dns_configmap",
      "provider": "provider.null",
      "instances": [
        {
          "schema_version": 0,
          "attributes": {
            "id": "8188684687913747426",
            "triggers": null
          },
          "private": "bnVsbA==",
          "dependencies": [
            "google_container_cluster.kubeflow_cluster",
            "google_service_account.kubeflow_admin",
            "google_service_account.kubeflow_user",
            "google_service_account.kubeflow_vm"
          ]
        }
      ]
    },
    {
      "mode": "managed",
      "type": "null_resource",
      "name": "delete_metrics_server_config_configmap",
      "provider": "provider.null",
      "instances": [
        {
          "schema_version": 0,
          "attributes": {
            "id": "4596925945291225983",
            "triggers": null
          },
          "private": "bnVsbA==",
          "dependencies": [
            "google_container_cluster.kubeflow_cluster",
            "google_service_account.kubeflow_admin",
            "google_service_account.kubeflow_user",
            "google_service_account.kubeflow_vm"
          ]
        }
      ]
    },
    {
      "mode": "managed",
      "type": "random_id",
      "name": "db_name_suffix",
      "provider": "provider.random",
      "instances": [
        {
          "schema_version": 0,
          "attributes": {
            "b64": "NlMyMQ",
            "b64_std": "NlMyMQ==",
            "b64_url": "NlMyMQ",
            "byte_length": 4,
            "dec": "911422001",
            "hex": "36533231",
            "id": "NlMyMQ",
            "keepers": null,
            "prefix": null
          },
          "private": "bnVsbA=="
        }
      ]
    }
  ]
}
